PODS:
  - CodableExtensions (0.2.1)
  - CoinpaprikaAPI (0.1.0):
    - CodableExtensions (= 0.2.1)

DEPENDENCIES:
  - CoinpaprikaAPI (from `../`)

SPEC REPOS:
  https://github.com/cocoapods/specs.git:
    - CodableExtensions

EXTERNAL SOURCES:
  CoinpaprikaAPI:
    :path: "../"

SPEC CHECKSUMS:
  CodableExtensions: dfc7a008a5951e3667ffdad5b43f1e9ed87213a7
  CoinpaprikaAPI: 56630bf0d54d8d2f9da602ffda4f2ef96af2be43

PODFILE CHECKSUM: 6248a01d9e2af9714e55359f7a21442fa59174c1

COCOAPODS: 1.5.3
