PODS:
  - CoinpaprikaAPI (2.1.1):
    - CoinpaprikaAPI/Client (= 2.1.1)
  - CoinpaprikaAPI/Client (2.1.1):
    - CoinpaprikaAPI/Networking
  - CoinpaprikaAPI/Networking (2.1.1)

DEPENDENCIES:
  - CoinpaprikaAPI (from `../`)

EXTERNAL SOURCES:
  CoinpaprikaAPI:
    :path: "../"

SPEC CHECKSUMS:
  CoinpaprikaAPI: a64a077ddebafc2b926230307ce0f715a8a91cee

PODFILE CHECKSUM: 5173e2fd19961aea4180f8bd942dedccabda6451

COCOAPODS: 1.7.0.rc.1
