// !$*UTF8*$!
{
	archiveVersion = 1;
	classes = {
	};
	objectVersion = 46;
	objects = {

/* Begin PBXBuildFile section */
		2618C772BFDA0FD6DE1DC506 /* Pods_CoinpaprikaAPI_Example_tvOS.framework in Frameworks */ = {isa = PBXBuildFile; fileRef = 15C866BBECD44065E8C1C70A /* Pods_CoinpaprikaAPI_Example_tvOS.framework */; };
		28F1700AB305D2CCD15E39AC /* Pods_CoinpaprikaAPI_Tests.framework in Frameworks */ = {isa = PBXBuildFile; fileRef = 5E96D033CB4E4045060B9E97 /* Pods_CoinpaprikaAPI_Tests.framework */; };
		46E105E6DE41F9366B8DCCF7 /* Pods_CoinpaprikaAPI_Example_macOS.framework in Frameworks */ = {isa = PBXBuildFile; fileRef = C7A36958003318E75F9C18FB /* Pods_CoinpaprikaAPI_Example_macOS.framework */; };
		607FACD61AFB9204008FA782 /* AppDelegate.swift in Sources */ = {isa = PBXBuildFile; fileRef = 607FACD51AFB9204008FA782 /* AppDelegate.swift */; };
		607FACD81AFB9204008FA782 /* ViewController.swift in Sources */ = {isa = PBXBuildFile; fileRef = 607FACD71AFB9204008FA782 /* ViewController.swift */; };
		607FACDB1AFB9204008FA782 /* Main.storyboard in Resources */ = {isa = PBXBuildFile; fileRef = 607FACD91AFB9204008FA782 /* Main.storyboard */; };
		607FACDD1AFB9204008FA782 /* Images.xcassets in Resources */ = {isa = PBXBuildFile; fileRef = 607FACDC1AFB9204008FA782 /* Images.xcassets */; };
		607FACE01AFB9204008FA782 /* LaunchScreen.xib in Resources */ = {isa = PBXBuildFile; fileRef = 607FACDE1AFB9204008FA782 /* LaunchScreen.xib */; };
		607FACEC1AFB9204008FA782 /* RequestTests.swift in Sources */ = {isa = PBXBuildFile; fileRef = 607FACEB1AFB9204008FA782 /* RequestTests.swift */; };
		88843500A5715B20A807553A /* Pods_CoinpaprikaAPI_Example_tvOSTests.framework in Frameworks */ = {isa = PBXBuildFile; fileRef = F6CDB19C914BAD29BD9AE140 /* Pods_CoinpaprikaAPI_Example_tvOSTests.framework */; };
		942E568474E75CBD600BCD0C /* Pods_CoinpaprikaAPI_Example.framework in Frameworks */ = {isa = PBXBuildFile; fileRef = 7B46CC358924CE5F3734F3E6 /* Pods_CoinpaprikaAPI_Example.framework */; };
		D322B78700A2F44B1D0BB4F9 /* Pods_CoinpaprikaAPI_Example_macOSTests.framework in Frameworks */ = {isa = PBXBuildFile; fileRef = 40A85B2F375DFBE39D3E8AFA /* Pods_CoinpaprikaAPI_Example_macOSTests.framework */; };
		D9540E77215A7190000CF087 /* ModelTests.swift in Sources */ = {isa = PBXBuildFile; fileRef = D9540E76215A7190000CF087 /* ModelTests.swift */; };
		D9540F7C215B90E8000CF087 /* AppDelegate.swift in Sources */ = {isa = PBXBuildFile; fileRef = D9540F7B215B90E8000CF087 /* AppDelegate.swift */; };
		D9540F7E215B90E8000CF087 /* ViewController.swift in Sources */ = {isa = PBXBuildFile; fileRef = D9540F7D215B90E8000CF087 /* ViewController.swift */; };
		D9540F80215B90E8000CF087 /* Assets.xcassets in Resources */ = {isa = PBXBuildFile; fileRef = D9540F7F215B90E8000CF087 /* Assets.xcassets */; };
		D9540F83215B90E8000CF087 /* Main.storyboard in Resources */ = {isa = PBXBuildFile; fileRef = D9540F81215B90E8000CF087 /* Main.storyboard */; };
		D9540F97215B9104000CF087 /* RequestTests.swift in Sources */ = {isa = PBXBuildFile; fileRef = 607FACEB1AFB9204008FA782 /* RequestTests.swift */; };
		D9540F98215B9107000CF087 /* ModelTests.swift in Sources */ = {isa = PBXBuildFile; fileRef = D9540E76215A7190000CF087 /* ModelTests.swift */; };
		D9540FA4215B998D000CF087 /* AppDelegate.swift in Sources */ = {isa = PBXBuildFile; fileRef = D9540FA3215B998D000CF087 /* AppDelegate.swift */; };
		D9540FA6215B998D000CF087 /* ViewController.swift in Sources */ = {isa = PBXBuildFile; fileRef = D9540FA5215B998D000CF087 /* ViewController.swift */; };
		D9540FA9215B998D000CF087 /* Main.storyboard in Resources */ = {isa = PBXBuildFile; fileRef = D9540FA7215B998D000CF087 /* Main.storyboard */; };
		D9540FAB215B998E000CF087 /* Assets.xcassets in Resources */ = {isa = PBXBuildFile; fileRef = D9540FAA215B998E000CF087 /* Assets.xcassets */; };
		D9540FC2215B99B9000CF087 /* RequestTests.swift in Sources */ = {isa = PBXBuildFile; fileRef = 607FACEB1AFB9204008FA782 /* RequestTests.swift */; };
		D9540FC3215B99BB000CF087 /* ModelTests.swift in Sources */ = {isa = PBXBuildFile; fileRef = D9540E76215A7190000CF087 /* ModelTests.swift */; };
/* End PBXBuildFile section */

/* Begin PBXContainerItemProxy section */
		607FACE61AFB9204008FA782 /* PBXContainerItemProxy */ = {
			isa = PBXContainerItemProxy;
			containerPortal = 607FACC81AFB9204008FA782 /* Project object */;
			proxyType = 1;
			remoteGlobalIDString = 607FACCF1AFB9204008FA782;
			remoteInfo = CoinpaprikaAPI;
		};
		D9540F8B215B90E9000CF087 /* PBXContainerItemProxy */ = {
			isa = PBXContainerItemProxy;
			containerPortal = 607FACC81AFB9204008FA782 /* Project object */;
			proxyType = 1;
			remoteGlobalIDString = D9540F78215B90E8000CF087;
			remoteInfo = CoinpaprikaAPI_Example_macOS;
		};
		D9540FB2215B998E000CF087 /* PBXContainerItemProxy */ = {
			isa = PBXContainerItemProxy;
			containerPortal = 607FACC81AFB9204008FA782 /* Project object */;
			proxyType = 1;
			remoteGlobalIDString = D9540FA0215B998D000CF087;
			remoteInfo = CoinpaprikaAPI_Example_tvOS;
		};
/* End PBXContainerItemProxy section */

/* Begin PBXCopyFilesBuildPhase section */
		D9540F2C215B8DD6000CF087 /* Embed Frameworks */ = {
			isa = PBXCopyFilesBuildPhase;
			buildActionMask = 2147483647;
			dstPath = "";
			dstSubfolderSpec = 10;
			files = (
			);
			name = "Embed Frameworks";
			runOnlyForDeploymentPostprocessing = 0;
		};
/* End PBXCopyFilesBuildPhase section */

/* Begin PBXFileReference section */
		09F9DD3516D6280A02E2CCEF /* LICENSE */ = {isa = PBXFileReference; includeInIndex = 1; lastKnownFileType = text; name = LICENSE; path = ../LICENSE; sourceTree = "<group>"; };
		0F41313F5BFC6473236CCAAB /* Pods-CoinpaprikaAPI_Example.debug.xcconfig */ = {isa = PBXFileReference; includeInIndex = 1; lastKnownFileType = text.xcconfig; name = "Pods-CoinpaprikaAPI_Example.debug.xcconfig"; path = "Pods/Target Support Files/Pods-CoinpaprikaAPI_Example/Pods-CoinpaprikaAPI_Example.debug.xcconfig"; sourceTree = "<group>"; };
		15C866BBECD44065E8C1C70A /* Pods_CoinpaprikaAPI_Example_tvOS.framework */ = {isa = PBXFileReference; explicitFileType = wrapper.framework; includeInIndex = 0; path = Pods_CoinpaprikaAPI_Example_tvOS.framework; sourceTree = BUILT_PRODUCTS_DIR; };
		1EDB9F0398FEBDB454B380C8 /* Pods-CoinpaprikaAPI_Example_macOS.debug.xcconfig */ = {isa = PBXFileReference; includeInIndex = 1; lastKnownFileType = text.xcconfig; name = "Pods-CoinpaprikaAPI_Example_macOS.debug.xcconfig"; path = "Pods/Target Support Files/Pods-CoinpaprikaAPI_Example_macOS/Pods-CoinpaprikaAPI_Example_macOS.debug.xcconfig"; sourceTree = "<group>"; };
		2C51BA3E8454281A265A8C60 /* Pods-CoinpaprikaAPI_Example_tvOSTests.debug.xcconfig */ = {isa = PBXFileReference; includeInIndex = 1; lastKnownFileType = text.xcconfig; name = "Pods-CoinpaprikaAPI_Example_tvOSTests.debug.xcconfig"; path = "Pods/Target Support Files/Pods-CoinpaprikaAPI_Example_tvOSTests/Pods-CoinpaprikaAPI_Example_tvOSTests.debug.xcconfig"; sourceTree = "<group>"; };
		34730E464697EFF255DA7314 /* Pods-CoinpaprikaAPI_Example_macOS.release.xcconfig */ = {isa = PBXFileReference; includeInIndex = 1; lastKnownFileType = text.xcconfig; name = "Pods-CoinpaprikaAPI_Example_macOS.release.xcconfig"; path = "Pods/Target Support Files/Pods-CoinpaprikaAPI_Example_macOS/Pods-CoinpaprikaAPI_Example_macOS.release.xcconfig"; sourceTree = "<group>"; };
		364CCB22D82CB609556F2B9A /* Pods-CoinpaprikaAPI_Tests.release.xcconfig */ = {isa = PBXFileReference; includeInIndex = 1; lastKnownFileType = text.xcconfig; name = "Pods-CoinpaprikaAPI_Tests.release.xcconfig"; path = "Pods/Target Support Files/Pods-CoinpaprikaAPI_Tests/Pods-CoinpaprikaAPI_Tests.release.xcconfig"; sourceTree = "<group>"; };
		40A85B2F375DFBE39D3E8AFA /* Pods_CoinpaprikaAPI_Example_macOSTests.framework */ = {isa = PBXFileReference; explicitFileType = wrapper.framework; includeInIndex = 0; path = Pods_CoinpaprikaAPI_Example_macOSTests.framework; sourceTree = BUILT_PRODUCTS_DIR; };
		4213B8A4146263143295D72A /* Pods-CoinpaprikaAPI_Example.release.xcconfig */ = {isa = PBXFileReference; includeInIndex = 1; lastKnownFileType = text.xcconfig; name = "Pods-CoinpaprikaAPI_Example.release.xcconfig"; path = "Pods/Target Support Files/Pods-CoinpaprikaAPI_Example/Pods-CoinpaprikaAPI_Example.release.xcconfig"; sourceTree = "<group>"; };
		4E22AE7D43DD2E03FA0E9CBB /* Pods-CoinpaprikaAPI_Example_tvOS.release.xcconfig */ = {isa = PBXFileReference; includeInIndex = 1; lastKnownFileType = text.xcconfig; name = "Pods-CoinpaprikaAPI_Example_tvOS.release.xcconfig"; path = "Pods/Target Support Files/Pods-CoinpaprikaAPI_Example_tvOS/Pods-CoinpaprikaAPI_Example_tvOS.release.xcconfig"; sourceTree = "<group>"; };
		5D3E417D503727E3B31B7284 /* Pods-CoinpaprikaAPI_Tests.debug.xcconfig */ = {isa = PBXFileReference; includeInIndex = 1; lastKnownFileType = text.xcconfig; name = "Pods-CoinpaprikaAPI_Tests.debug.xcconfig"; path = "Pods/Target Support Files/Pods-CoinpaprikaAPI_Tests/Pods-CoinpaprikaAPI_Tests.debug.xcconfig"; sourceTree = "<group>"; };
		5E96D033CB4E4045060B9E97 /* Pods_CoinpaprikaAPI_Tests.framework */ = {isa = PBXFileReference; explicitFileType = wrapper.framework; includeInIndex = 0; path = Pods_CoinpaprikaAPI_Tests.framework; sourceTree = BUILT_PRODUCTS_DIR; };
		607FACD01AFB9204008FA782 /* CoinpaprikaAPI_Example.app */ = {isa = PBXFileReference; explicitFileType = wrapper.application; includeInIndex = 0; path = CoinpaprikaAPI_Example.app; sourceTree = BUILT_PRODUCTS_DIR; };
		607FACD41AFB9204008FA782 /* Info.plist */ = {isa = PBXFileReference; lastKnownFileType = text.plist.xml; path = Info.plist; sourceTree = "<group>"; };
		607FACD51AFB9204008FA782 /* AppDelegate.swift */ = {isa = PBXFileReference; lastKnownFileType = sourcecode.swift; path = AppDelegate.swift; sourceTree = "<group>"; };
		607FACD71AFB9204008FA782 /* ViewController.swift */ = {isa = PBXFileReference; lastKnownFileType = sourcecode.swift; path = ViewController.swift; sourceTree = "<group>"; };
		607FACDA1AFB9204008FA782 /* Base */ = {isa = PBXFileReference; lastKnownFileType = file.storyboard; name = Base; path = Base.lproj/Main.storyboard; sourceTree = "<group>"; };
		607FACDC1AFB9204008FA782 /* Images.xcassets */ = {isa = PBXFileReference; lastKnownFileType = folder.assetcatalog; path = Images.xcassets; sourceTree = "<group>"; };
		607FACDF1AFB9204008FA782 /* Base */ = {isa = PBXFileReference; lastKnownFileType = file.xib; name = Base; path = Base.lproj/LaunchScreen.xib; sourceTree = "<group>"; };
		607FACE51AFB9204008FA782 /* CoinpaprikaAPI_Tests.xctest */ = {isa = PBXFileReference; explicitFileType = wrapper.cfbundle; includeInIndex = 0; path = CoinpaprikaAPI_Tests.xctest; sourceTree = BUILT_PRODUCTS_DIR; };
		607FACEA1AFB9204008FA782 /* Info.plist */ = {isa = PBXFileReference; lastKnownFileType = text.plist.xml; path = Info.plist; sourceTree = "<group>"; };
		607FACEB1AFB9204008FA782 /* RequestTests.swift */ = {isa = PBXFileReference; lastKnownFileType = sourcecode.swift; path = RequestTests.swift; sourceTree = "<group>"; };
		7A4C507AD7FE0D3BEA617586 /* CoinpaprikaAPI.podspec */ = {isa = PBXFileReference; includeInIndex = 1; lastKnownFileType = text; name = CoinpaprikaAPI.podspec; path = ../CoinpaprikaAPI.podspec; sourceTree = "<group>"; xcLanguageSpecificationIdentifier = xcode.lang.ruby; };
		7B46CC358924CE5F3734F3E6 /* Pods_CoinpaprikaAPI_Example.framework */ = {isa = PBXFileReference; explicitFileType = wrapper.framework; includeInIndex = 0; path = Pods_CoinpaprikaAPI_Example.framework; sourceTree = BUILT_PRODUCTS_DIR; };
		A4937FF707C3211AA7A5514F /* README.md */ = {isa = PBXFileReference; includeInIndex = 1; lastKnownFileType = net.daringfireball.markdown; name = README.md; path = ../README.md; sourceTree = "<group>"; };
		B9E056C692EC1DC829AEC0F6 /* Pods-CoinpaprikaAPI_Example_tvOS.debug.xcconfig */ = {isa = PBXFileReference; includeInIndex = 1; lastKnownFileType = text.xcconfig; name = "Pods-CoinpaprikaAPI_Example_tvOS.debug.xcconfig"; path = "Pods/Target Support Files/Pods-CoinpaprikaAPI_Example_tvOS/Pods-CoinpaprikaAPI_Example_tvOS.debug.xcconfig"; sourceTree = "<group>"; };
		C7A36958003318E75F9C18FB /* Pods_CoinpaprikaAPI_Example_macOS.framework */ = {isa = PBXFileReference; explicitFileType = wrapper.framework; includeInIndex = 0; path = Pods_CoinpaprikaAPI_Example_macOS.framework; sourceTree = BUILT_PRODUCTS_DIR; };
		CE87083914BABBD7D1A8BC78 /* Pods-CoinpaprikaAPI_Example_macOSTests.release.xcconfig */ = {isa = PBXFileReference; includeInIndex = 1; lastKnownFileType = text.xcconfig; name = "Pods-CoinpaprikaAPI_Example_macOSTests.release.xcconfig"; path = "Pods/Target Support Files/Pods-CoinpaprikaAPI_Example_macOSTests/Pods-CoinpaprikaAPI_Example_macOSTests.release.xcconfig"; sourceTree = "<group>"; };
		D869E5769BA658DDC49F4AAD /* Pods-CoinpaprikaAPI_Example_macOSTests.debug.xcconfig */ = {isa = PBXFileReference; includeInIndex = 1; lastKnownFileType = text.xcconfig; name = "Pods-CoinpaprikaAPI_Example_macOSTests.debug.xcconfig"; path = "Pods/Target Support Files/Pods-CoinpaprikaAPI_Example_macOSTests/Pods-CoinpaprikaAPI_Example_macOSTests.debug.xcconfig"; sourceTree = "<group>"; };
		D9540E76215A7190000CF087 /* ModelTests.swift */ = {isa = PBXFileReference; lastKnownFileType = sourcecode.swift; path = ModelTests.swift; sourceTree = "<group>"; };
		D9540F4D215B904D000CF087 /* CoinpaprikaAPI_macOS_Tests.swift */ = {isa = PBXFileReference; lastKnownFileType = sourcecode.swift; path = CoinpaprikaAPI_macOS_Tests.swift; sourceTree = "<group>"; };
		D9540F4F215B904D000CF087 /* Info.plist */ = {isa = PBXFileReference; lastKnownFileType = text.plist.xml; path = Info.plist; sourceTree = "<group>"; };
		D9540F79215B90E8000CF087 /* CoinpaprikaAPI_Example_macOS.app */ = {isa = PBXFileReference; explicitFileType = wrapper.application; includeInIndex = 0; path = CoinpaprikaAPI_Example_macOS.app; sourceTree = BUILT_PRODUCTS_DIR; };
		D9540F7B215B90E8000CF087 /* AppDelegate.swift */ = {isa = PBXFileReference; lastKnownFileType = sourcecode.swift; path = AppDelegate.swift; sourceTree = "<group>"; };
		D9540F7D215B90E8000CF087 /* ViewController.swift */ = {isa = PBXFileReference; lastKnownFileType = sourcecode.swift; path = ViewController.swift; sourceTree = "<group>"; };
		D9540F7F215B90E8000CF087 /* Assets.xcassets */ = {isa = PBXFileReference; lastKnownFileType = folder.assetcatalog; path = Assets.xcassets; sourceTree = "<group>"; };
		D9540F82215B90E8000CF087 /* Base */ = {isa = PBXFileReference; lastKnownFileType = file.storyboard; name = Base; path = Base.lproj/Main.storyboard; sourceTree = "<group>"; };
		D9540F84215B90E8000CF087 /* Info.plist */ = {isa = PBXFileReference; lastKnownFileType = text.plist.xml; path = Info.plist; sourceTree = "<group>"; };
		D9540F85215B90E8000CF087 /* CoinpaprikaAPI_Example_macOS.entitlements */ = {isa = PBXFileReference; lastKnownFileType = text.plist.entitlements; path = CoinpaprikaAPI_Example_macOS.entitlements; sourceTree = "<group>"; };
		D9540F8A215B90E9000CF087 /* CoinpaprikaAPI_Example_macOSTests.xctest */ = {isa = PBXFileReference; explicitFileType = wrapper.cfbundle; includeInIndex = 0; path = CoinpaprikaAPI_Example_macOSTests.xctest; sourceTree = BUILT_PRODUCTS_DIR; };
		D9540F90215B90E9000CF087 /* Info.plist */ = {isa = PBXFileReference; lastKnownFileType = text.plist.xml; path = Info.plist; sourceTree = "<group>"; };
		D9540F99215B982E000CF087 /* CoinpaprikaAPI.framework */ = {isa = PBXFileReference; explicitFileType = wrapper.framework; path = CoinpaprikaAPI.framework; sourceTree = BUILT_PRODUCTS_DIR; };
		D9540F9B215B984E000CF087 /* CoinpaprikaAPI.framework */ = {isa = PBXFileReference; explicitFileType = wrapper.framework; path = CoinpaprikaAPI.framework; sourceTree = BUILT_PRODUCTS_DIR; };
		D9540FA1215B998D000CF087 /* CoinpaprikaAPI_Example_tvOS.app */ = {isa = PBXFileReference; explicitFileType = wrapper.application; includeInIndex = 0; path = CoinpaprikaAPI_Example_tvOS.app; sourceTree = BUILT_PRODUCTS_DIR; };
		D9540FA3215B998D000CF087 /* AppDelegate.swift */ = {isa = PBXFileReference; lastKnownFileType = sourcecode.swift; path = AppDelegate.swift; sourceTree = "<group>"; };
		D9540FA5215B998D000CF087 /* ViewController.swift */ = {isa = PBXFileReference; lastKnownFileType = sourcecode.swift; path = ViewController.swift; sourceTree = "<group>"; };
		D9540FA8215B998D000CF087 /* Base */ = {isa = PBXFileReference; lastKnownFileType = file.storyboard; name = Base; path = Base.lproj/Main.storyboard; sourceTree = "<group>"; };
		D9540FAA215B998E000CF087 /* Assets.xcassets */ = {isa = PBXFileReference; lastKnownFileType = folder.assetcatalog; path = Assets.xcassets; sourceTree = "<group>"; };
		D9540FAC215B998E000CF087 /* Info.plist */ = {isa = PBXFileReference; lastKnownFileType = text.plist.xml; path = Info.plist; sourceTree = "<group>"; };
		D9540FB1215B998E000CF087 /* CoinpaprikaAPI_Example_tvOSTests.xctest */ = {isa = PBXFileReference; explicitFileType = wrapper.cfbundle; includeInIndex = 0; path = CoinpaprikaAPI_Example_tvOSTests.xctest; sourceTree = BUILT_PRODUCTS_DIR; };
		D9540FB7215B998F000CF087 /* Info.plist */ = {isa = PBXFileReference; lastKnownFileType = text.plist.xml; path = Info.plist; sourceTree = "<group>"; };
		D9540FBE215B9998000CF087 /* CoinpaprikaAPI.framework */ = {isa = PBXFileReference; explicitFileType = wrapper.framework; path = CoinpaprikaAPI.framework; sourceTree = BUILT_PRODUCTS_DIR; };
		D9540FC0215B99A1000CF087 /* CoinpaprikaAPI.framework */ = {isa = PBXFileReference; explicitFileType = wrapper.framework; path = CoinpaprikaAPI.framework; sourceTree = BUILT_PRODUCTS_DIR; };
		D9540FC4215BA6F5000CF087 /* CoinpaprikaAPI.framework */ = {isa = PBXFileReference; explicitFileType = wrapper.framework; path = CoinpaprikaAPI.framework; sourceTree = BUILT_PRODUCTS_DIR; };
		D9540FC6215BA703000CF087 /* CoinpaprikaAPI.framework */ = {isa = PBXFileReference; explicitFileType = wrapper.framework; path = CoinpaprikaAPI.framework; sourceTree = BUILT_PRODUCTS_DIR; };
		DD4148C7EEC83D5BF6325C9E /* Pods-CoinpaprikaAPI_Example_tvOSTests.release.xcconfig */ = {isa = PBXFileReference; includeInIndex = 1; lastKnownFileType = text.xcconfig; name = "Pods-CoinpaprikaAPI_Example_tvOSTests.release.xcconfig"; path = "Pods/Target Support Files/Pods-CoinpaprikaAPI_Example_tvOSTests/Pods-CoinpaprikaAPI_Example_tvOSTests.release.xcconfig"; sourceTree = "<group>"; };
		F6CDB19C914BAD29BD9AE140 /* Pods_CoinpaprikaAPI_Example_tvOSTests.framework */ = {isa = PBXFileReference; explicitFileType = wrapper.framework; includeInIndex = 0; path = Pods_CoinpaprikaAPI_Example_tvOSTests.framework; sourceTree = BUILT_PRODUCTS_DIR; };
/* End PBXFileReference section */

/* Begin PBXFrameworksBuildPhase section */
		607FACCD1AFB9204008FA782 /* Frameworks */ = {
			isa = PBXFrameworksBuildPhase;
			buildActionMask = 2147483647;
			files = (
				942E568474E75CBD600BCD0C /* Pods_CoinpaprikaAPI_Example.framework in Frameworks */,
			);
			runOnlyForDeploymentPostprocessing = 0;
		};
		607FACE21AFB9204008FA782 /* Frameworks */ = {
			isa = PBXFrameworksBuildPhase;
			buildActionMask = 2147483647;
			files = (
				28F1700AB305D2CCD15E39AC /* Pods_CoinpaprikaAPI_Tests.framework in Frameworks */,
			);
			runOnlyForDeploymentPostprocessing = 0;
		};
		D9540F76215B90E8000CF087 /* Frameworks */ = {
			isa = PBXFrameworksBuildPhase;
			buildActionMask = 2147483647;
			files = (
				46E105E6DE41F9366B8DCCF7 /* Pods_CoinpaprikaAPI_Example_macOS.framework in Frameworks */,
			);
			runOnlyForDeploymentPostprocessing = 0;
		};
		D9540F87215B90E9000CF087 /* Frameworks */ = {
			isa = PBXFrameworksBuildPhase;
			buildActionMask = 2147483647;
			files = (
				D322B78700A2F44B1D0BB4F9 /* Pods_CoinpaprikaAPI_Example_macOSTests.framework in Frameworks */,
			);
			runOnlyForDeploymentPostprocessing = 0;
		};
		D9540F9E215B998D000CF087 /* Frameworks */ = {
			isa = PBXFrameworksBuildPhase;
			buildActionMask = 2147483647;
			files = (
				2618C772BFDA0FD6DE1DC506 /* Pods_CoinpaprikaAPI_Example_tvOS.framework in Frameworks */,
			);
			runOnlyForDeploymentPostprocessing = 0;
		};
		D9540FAE215B998E000CF087 /* Frameworks */ = {
			isa = PBXFrameworksBuildPhase;
			buildActionMask = 2147483647;
			files = (
				88843500A5715B20A807553A /* Pods_CoinpaprikaAPI_Example_tvOSTests.framework in Frameworks */,
			);
			runOnlyForDeploymentPostprocessing = 0;
		};
/* End PBXFrameworksBuildPhase section */

/* Begin PBXGroup section */
		607FACC71AFB9204008FA782 = {
			isa = PBXGroup;
			children = (
				607FACF51AFB993E008FA782 /* Podspec Metadata */,
				607FACD21AFB9204008FA782 /* Example for CoinpaprikaAPI */,
				607FACE81AFB9204008FA782 /* Tests */,
				D9540F4C215B904D000CF087 /* CoinpaprikaAPI_macOS_Tests */,
				D9540F7A215B90E8000CF087 /* CoinpaprikaAPI_Example_macOS */,
				D9540F8D215B90E9000CF087 /* CoinpaprikaAPI_Example_macOSTests */,
				D9540FA2215B998D000CF087 /* CoinpaprikaAPI_Example_tvOS */,
				D9540FB4215B998E000CF087 /* CoinpaprikaAPI_Example_tvOSTests */,
				607FACD11AFB9204008FA782 /* Products */,
				F6F85691C36D54F391BF14A1 /* Pods */,
				928C0C76215D7871D2E56C98 /* Frameworks */,
			);
			sourceTree = "<group>";
		};
		607FACD11AFB9204008FA782 /* Products */ = {
			isa = PBXGroup;
			children = (
				607FACD01AFB9204008FA782 /* CoinpaprikaAPI_Example.app */,
				607FACE51AFB9204008FA782 /* CoinpaprikaAPI_Tests.xctest */,
				D9540F79215B90E8000CF087 /* CoinpaprikaAPI_Example_macOS.app */,
				D9540F8A215B90E9000CF087 /* CoinpaprikaAPI_Example_macOSTests.xctest */,
				D9540FA1215B998D000CF087 /* CoinpaprikaAPI_Example_tvOS.app */,
				D9540FB1215B998E000CF087 /* CoinpaprikaAPI_Example_tvOSTests.xctest */,
			);
			name = Products;
			sourceTree = "<group>";
		};
		607FACD21AFB9204008FA782 /* Example for CoinpaprikaAPI */ = {
			isa = PBXGroup;
			children = (
				607FACD51AFB9204008FA782 /* AppDelegate.swift */,
				607FACD71AFB9204008FA782 /* ViewController.swift */,
				607FACD91AFB9204008FA782 /* Main.storyboard */,
				607FACDC1AFB9204008FA782 /* Images.xcassets */,
				607FACDE1AFB9204008FA782 /* LaunchScreen.xib */,
				607FACD31AFB9204008FA782 /* Supporting Files */,
			);
			name = "Example for CoinpaprikaAPI";
			path = CoinpaprikaAPI;
			sourceTree = "<group>";
		};
		607FACD31AFB9204008FA782 /* Supporting Files */ = {
			isa = PBXGroup;
			children = (
				607FACD41AFB9204008FA782 /* Info.plist */,
			);
			name = "Supporting Files";
			sourceTree = "<group>";
		};
		607FACE81AFB9204008FA782 /* Tests */ = {
			isa = PBXGroup;
			children = (
				607FACEB1AFB9204008FA782 /* RequestTests.swift */,
				D9540E76215A7190000CF087 /* ModelTests.swift */,
				607FACE91AFB9204008FA782 /* Supporting Files */,
			);
			path = Tests;
			sourceTree = "<group>";
		};
		607FACE91AFB9204008FA782 /* Supporting Files */ = {
			isa = PBXGroup;
			children = (
				607FACEA1AFB9204008FA782 /* Info.plist */,
			);
			name = "Supporting Files";
			sourceTree = "<group>";
		};
		607FACF51AFB993E008FA782 /* Podspec Metadata */ = {
			isa = PBXGroup;
			children = (
				7A4C507AD7FE0D3BEA617586 /* CoinpaprikaAPI.podspec */,
				A4937FF707C3211AA7A5514F /* README.md */,
				09F9DD3516D6280A02E2CCEF /* LICENSE */,
			);
			name = "Podspec Metadata";
			sourceTree = "<group>";
		};
		928C0C76215D7871D2E56C98 /* Frameworks */ = {
			isa = PBXGroup;
			children = (
				D9540FC6215BA703000CF087 /* CoinpaprikaAPI.framework */,
				D9540FC4215BA6F5000CF087 /* CoinpaprikaAPI.framework */,
				D9540FC0215B99A1000CF087 /* CoinpaprikaAPI.framework */,
				D9540FBE215B9998000CF087 /* CoinpaprikaAPI.framework */,
				D9540F9B215B984E000CF087 /* CoinpaprikaAPI.framework */,
				D9540F99215B982E000CF087 /* CoinpaprikaAPI.framework */,
				7B46CC358924CE5F3734F3E6 /* Pods_CoinpaprikaAPI_Example.framework */,
				5E96D033CB4E4045060B9E97 /* Pods_CoinpaprikaAPI_Tests.framework */,
				C7A36958003318E75F9C18FB /* Pods_CoinpaprikaAPI_Example_macOS.framework */,
				40A85B2F375DFBE39D3E8AFA /* Pods_CoinpaprikaAPI_Example_macOSTests.framework */,
				15C866BBECD44065E8C1C70A /* Pods_CoinpaprikaAPI_Example_tvOS.framework */,
				F6CDB19C914BAD29BD9AE140 /* Pods_CoinpaprikaAPI_Example_tvOSTests.framework */,
			);
			name = Frameworks;
			sourceTree = "<group>";
		};
		D9540F4C215B904D000CF087 /* CoinpaprikaAPI_macOS_Tests */ = {
			isa = PBXGroup;
			children = (
				D9540F4D215B904D000CF087 /* CoinpaprikaAPI_macOS_Tests.swift */,
				D9540F4F215B904D000CF087 /* Info.plist */,
			);
			path = CoinpaprikaAPI_macOS_Tests;
			sourceTree = "<group>";
		};
		D9540F7A215B90E8000CF087 /* CoinpaprikaAPI_Example_macOS */ = {
			isa = PBXGroup;
			children = (
				D9540F7B215B90E8000CF087 /* AppDelegate.swift */,
				D9540F7D215B90E8000CF087 /* ViewController.swift */,
				D9540F7F215B90E8000CF087 /* Assets.xcassets */,
				D9540F81215B90E8000CF087 /* Main.storyboard */,
				D9540F84215B90E8000CF087 /* Info.plist */,
				D9540F85215B90E8000CF087 /* CoinpaprikaAPI_Example_macOS.entitlements */,
			);
			path = CoinpaprikaAPI_Example_macOS;
			sourceTree = "<group>";
		};
		D9540F8D215B90E9000CF087 /* CoinpaprikaAPI_Example_macOSTests */ = {
			isa = PBXGroup;
			children = (
				D9540F90215B90E9000CF087 /* Info.plist */,
			);
			path = CoinpaprikaAPI_Example_macOSTests;
			sourceTree = "<group>";
		};
		D9540FA2215B998D000CF087 /* CoinpaprikaAPI_Example_tvOS */ = {
			isa = PBXGroup;
			children = (
				D9540FA3215B998D000CF087 /* AppDelegate.swift */,
				D9540FA5215B998D000CF087 /* ViewController.swift */,
				D9540FA7215B998D000CF087 /* Main.storyboard */,
				D9540FAA215B998E000CF087 /* Assets.xcassets */,
				D9540FAC215B998E000CF087 /* Info.plist */,
			);
			path = CoinpaprikaAPI_Example_tvOS;
			sourceTree = "<group>";
		};
		D9540FB4215B998E000CF087 /* CoinpaprikaAPI_Example_tvOSTests */ = {
			isa = PBXGroup;
			children = (
				D9540FB7215B998F000CF087 /* Info.plist */,
			);
			path = CoinpaprikaAPI_Example_tvOSTests;
			sourceTree = "<group>";
		};
		F6F85691C36D54F391BF14A1 /* Pods */ = {
			isa = PBXGroup;
			children = (
				0F41313F5BFC6473236CCAAB /* Pods-CoinpaprikaAPI_Example.debug.xcconfig */,
				4213B8A4146263143295D72A /* Pods-CoinpaprikaAPI_Example.release.xcconfig */,
				5D3E417D503727E3B31B7284 /* Pods-CoinpaprikaAPI_Tests.debug.xcconfig */,
				364CCB22D82CB609556F2B9A /* Pods-CoinpaprikaAPI_Tests.release.xcconfig */,
				1EDB9F0398FEBDB454B380C8 /* Pods-CoinpaprikaAPI_Example_macOS.debug.xcconfig */,
				34730E464697EFF255DA7314 /* Pods-CoinpaprikaAPI_Example_macOS.release.xcconfig */,
				D869E5769BA658DDC49F4AAD /* Pods-CoinpaprikaAPI_Example_macOSTests.debug.xcconfig */,
				CE87083914BABBD7D1A8BC78 /* Pods-CoinpaprikaAPI_Example_macOSTests.release.xcconfig */,
				B9E056C692EC1DC829AEC0F6 /* Pods-CoinpaprikaAPI_Example_tvOS.debug.xcconfig */,
				4E22AE7D43DD2E03FA0E9CBB /* Pods-CoinpaprikaAPI_Example_tvOS.release.xcconfig */,
				2C51BA3E8454281A265A8C60 /* Pods-CoinpaprikaAPI_Example_tvOSTests.debug.xcconfig */,
				DD4148C7EEC83D5BF6325C9E /* Pods-CoinpaprikaAPI_Example_tvOSTests.release.xcconfig */,
			);
			name = Pods;
			sourceTree = "<group>";
		};
/* End PBXGroup section */

/* Begin PBXNativeTarget section */
		607FACCF1AFB9204008FA782 /* CoinpaprikaAPI_Example */ = {
			isa = PBXNativeTarget;
			buildConfigurationList = 607FACEF1AFB9204008FA782 /* Build configuration list for PBXNativeTarget "CoinpaprikaAPI_Example" */;
			buildPhases = (
				E3EF826C8457823C1CF8938A /* [CP] Check Pods Manifest.lock */,
				607FACCC1AFB9204008FA782 /* Sources */,
				607FACCD1AFB9204008FA782 /* Frameworks */,
				607FACCE1AFB9204008FA782 /* Resources */,
				1BD90961D3A3EAC0FBE92F22 /* [CP] Embed Pods Frameworks */,
				D9540F2C215B8DD6000CF087 /* Embed Frameworks */,
			);
			buildRules = (
			);
			dependencies = (
			);
			name = CoinpaprikaAPI_Example;
			productName = CoinpaprikaAPI;
			productReference = 607FACD01AFB9204008FA782 /* CoinpaprikaAPI_Example.app */;
			productType = "com.apple.product-type.application";
		};
		607FACE41AFB9204008FA782 /* CoinpaprikaAPI_Tests */ = {
			isa = PBXNativeTarget;
			buildConfigurationList = 607FACF21AFB9204008FA782 /* Build configuration list for PBXNativeTarget "CoinpaprikaAPI_Tests" */;
			buildPhases = (
				7098C8FBA9D1215B4A56E551 /* [CP] Check Pods Manifest.lock */,
				607FACE11AFB9204008FA782 /* Sources */,
				607FACE21AFB9204008FA782 /* Frameworks */,
				607FACE31AFB9204008FA782 /* Resources */,
			);
			buildRules = (
			);
			dependencies = (
				607FACE71AFB9204008FA782 /* PBXTargetDependency */,
			);
			name = CoinpaprikaAPI_Tests;
			productName = Tests;
			productReference = 607FACE51AFB9204008FA782 /* CoinpaprikaAPI_Tests.xctest */;
			productType = "com.apple.product-type.bundle.unit-test";
		};
		D9540F78215B90E8000CF087 /* CoinpaprikaAPI_Example_macOS */ = {
			isa = PBXNativeTarget;
			buildConfigurationList = D9540F91215B90E9000CF087 /* Build configuration list for PBXNativeTarget "CoinpaprikaAPI_Example_macOS" */;
			buildPhases = (
				770AF80DD83FAB85AA8327EA /* [CP] Check Pods Manifest.lock */,
				D9540F75215B90E8000CF087 /* Sources */,
				D9540F76215B90E8000CF087 /* Frameworks */,
				D9540F77215B90E8000CF087 /* Resources */,
				2EF88B6A29CD06BFC46E3D66 /* [CP] Embed Pods Frameworks */,
			);
			buildRules = (
			);
			dependencies = (
			);
			name = CoinpaprikaAPI_Example_macOS;
			productName = CoinpaprikaAPI_Example_macOS;
			productReference = D9540F79215B90E8000CF087 /* CoinpaprikaAPI_Example_macOS.app */;
			productType = "com.apple.product-type.application";
		};
		D9540F89215B90E9000CF087 /* CoinpaprikaAPI_Example_macOSTests */ = {
			isa = PBXNativeTarget;
			buildConfigurationList = D9540F94215B90E9000CF087 /* Build configuration list for PBXNativeTarget "CoinpaprikaAPI_Example_macOSTests" */;
			buildPhases = (
				50DAFBB6FB6D277381B357DF /* [CP] Check Pods Manifest.lock */,
				D9540F86215B90E9000CF087 /* Sources */,
				D9540F87215B90E9000CF087 /* Frameworks */,
				D9540F88215B90E9000CF087 /* Resources */,
			);
			buildRules = (
			);
			dependencies = (
				D9540F8C215B90E9000CF087 /* PBXTargetDependency */,
			);
			name = CoinpaprikaAPI_Example_macOSTests;
			productName = CoinpaprikaAPI_Example_macOSTests;
			productReference = D9540F8A215B90E9000CF087 /* CoinpaprikaAPI_Example_macOSTests.xctest */;
			productType = "com.apple.product-type.bundle.unit-test";
		};
		D9540FA0215B998D000CF087 /* CoinpaprikaAPI_Example_tvOS */ = {
			isa = PBXNativeTarget;
			buildConfigurationList = D9540FB8215B998F000CF087 /* Build configuration list for PBXNativeTarget "CoinpaprikaAPI_Example_tvOS" */;
			buildPhases = (
				8AB284518267E1EE86AFF787 /* [CP] Check Pods Manifest.lock */,
				D9540F9D215B998D000CF087 /* Sources */,
				D9540F9E215B998D000CF087 /* Frameworks */,
				D9540F9F215B998D000CF087 /* Resources */,
				BEA5FCC9D814314ADD1967F6 /* [CP] Embed Pods Frameworks */,
			);
			buildRules = (
			);
			dependencies = (
			);
			name = CoinpaprikaAPI_Example_tvOS;
			productName = CoinpaprikaAPI_Example_tvOS;
			productReference = D9540FA1215B998D000CF087 /* CoinpaprikaAPI_Example_tvOS.app */;
			productType = "com.apple.product-type.application";
		};
		D9540FB0215B998E000CF087 /* CoinpaprikaAPI_Example_tvOSTests */ = {
			isa = PBXNativeTarget;
			buildConfigurationList = D9540FBB215B998F000CF087 /* Build configuration list for PBXNativeTarget "CoinpaprikaAPI_Example_tvOSTests" */;
			buildPhases = (
				4CE783E4C74AFAC3C79825D5 /* [CP] Check Pods Manifest.lock */,
				D9540FAD215B998E000CF087 /* Sources */,
				D9540FAE215B998E000CF087 /* Frameworks */,
				D9540FAF215B998E000CF087 /* Resources */,
			);
			buildRules = (
			);
			dependencies = (
				D9540FB3215B998E000CF087 /* PBXTargetDependency */,
			);
			name = CoinpaprikaAPI_Example_tvOSTests;
			productName = CoinpaprikaAPI_Example_tvOSTests;
			productReference = D9540FB1215B998E000CF087 /* CoinpaprikaAPI_Example_tvOSTests.xctest */;
			productType = "com.apple.product-type.bundle.unit-test";
		};
/* End PBXNativeTarget section */

/* Begin PBXProject section */
		607FACC81AFB9204008FA782 /* Project object */ = {
			isa = PBXProject;
			attributes = {
				LastSwiftUpdateCheck = 1000;
				LastUpgradeCheck = 1000;
				ORGANIZATIONNAME = CocoaPods;
				TargetAttributes = {
					607FACCF1AFB9204008FA782 = {
						CreatedOnToolsVersion = 6.3.1;
						LastSwiftMigration = 0900;
					};
					607FACE41AFB9204008FA782 = {
						CreatedOnToolsVersion = 6.3.1;
						LastSwiftMigration = 0900;
						TestTargetID = 607FACCF1AFB9204008FA782;
					};
					D9540F78215B90E8000CF087 = {
						CreatedOnToolsVersion = 10.0;
						DevelopmentTeam = T6CZDE446U;
						ProvisioningStyle = Automatic;
						SystemCapabilities = {
							com.apple.Sandbox = {
								enabled = 1;
							};
						};
					};
					D9540F89215B90E9000CF087 = {
						CreatedOnToolsVersion = 10.0;
						ProvisioningStyle = Automatic;
						TestTargetID = D9540F78215B90E8000CF087;
					};
					D9540FA0215B998D000CF087 = {
						CreatedOnToolsVersion = 10.0;
						ProvisioningStyle = Automatic;
					};
					D9540FB0215B998E000CF087 = {
						CreatedOnToolsVersion = 10.0;
						ProvisioningStyle = Automatic;
						TestTargetID = D9540FA0215B998D000CF087;
					};
				};
			};
			buildConfigurationList = 607FACCB1AFB9204008FA782 /* Build configuration list for PBXProject "CoinpaprikaAPI" */;
			compatibilityVersion = "Xcode 3.2";
			developmentRegion = English;
			hasScannedForEncodings = 0;
			knownRegions = (
				en,
				Base,
			);
			mainGroup = 607FACC71AFB9204008FA782;
			productRefGroup = 607FACD11AFB9204008FA782 /* Products */;
			projectDirPath = "";
			projectRoot = "";
			targets = (
				607FACCF1AFB9204008FA782 /* CoinpaprikaAPI_Example */,
				607FACE41AFB9204008FA782 /* CoinpaprikaAPI_Tests */,
				D9540F78215B90E8000CF087 /* CoinpaprikaAPI_Example_macOS */,
				D9540F89215B90E9000CF087 /* CoinpaprikaAPI_Example_macOSTests */,
				D9540FA0215B998D000CF087 /* CoinpaprikaAPI_Example_tvOS */,
				D9540FB0215B998E000CF087 /* CoinpaprikaAPI_Example_tvOSTests */,
			);
		};
/* End PBXProject section */

/* Begin PBXResourcesBuildPhase section */
		607FACCE1AFB9204008FA782 /* Resources */ = {
			isa = PBXResourcesBuildPhase;
			buildActionMask = 2147483647;
			files = (
				607FACDB1AFB9204008FA782 /* Main.storyboard in Resources */,
				607FACE01AFB9204008FA782 /* LaunchScreen.xib in Resources */,
				607FACDD1AFB9204008FA782 /* Images.xcassets in Resources */,
			);
			runOnlyForDeploymentPostprocessing = 0;
		};
		607FACE31AFB9204008FA782 /* Resources */ = {
			isa = PBXResourcesBuildPhase;
			buildActionMask = 2147483647;
			files = (
			);
			runOnlyForDeploymentPostprocessing = 0;
		};
		D9540F77215B90E8000CF087 /* Resources */ = {
			isa = PBXResourcesBuildPhase;
			buildActionMask = 2147483647;
			files = (
				D9540F80215B90E8000CF087 /* Assets.xcassets in Resources */,
				D9540F83215B90E8000CF087 /* Main.storyboard in Resources */,
			);
			runOnlyForDeploymentPostprocessing = 0;
		};
		D9540F88215B90E9000CF087 /* Resources */ = {
			isa = PBXResourcesBuildPhase;
			buildActionMask = 2147483647;
			files = (
			);
			runOnlyForDeploymentPostprocessing = 0;
		};
		D9540F9F215B998D000CF087 /* Resources */ = {
			isa = PBXResourcesBuildPhase;
			buildActionMask = 2147483647;
			files = (
				D9540FAB215B998E000CF087 /* Assets.xcassets in Resources */,
				D9540FA9215B998D000CF087 /* Main.storyboard in Resources */,
			);
			runOnlyForDeploymentPostprocessing = 0;
		};
		D9540FAF215B998E000CF087 /* Resources */ = {
			isa = PBXResourcesBuildPhase;
			buildActionMask = 2147483647;
			files = (
			);
			runOnlyForDeploymentPostprocessing = 0;
		};
/* End PBXResourcesBuildPhase section */

/* Begin PBXShellScriptBuildPhase section */
		1BD90961D3A3EAC0FBE92F22 /* [CP] Embed Pods Frameworks */ = {
			isa = PBXShellScriptBuildPhase;
			buildActionMask = 2147483647;
			files = (
			);
			inputFileListPaths = (
			);
			inputPaths = (
				"${PODS_ROOT}/Target Support Files/Pods-CoinpaprikaAPI_Example/Pods-CoinpaprikaAPI_Example-frameworks.sh",
				"${BUILT_PRODUCTS_DIR}/CoinpaprikaAPI-iOS/CoinpaprikaAPI.framework",
			);
			name = "[CP] Embed Pods Frameworks";
			outputFileListPaths = (
			);
			outputPaths = (
				"${TARGET_BUILD_DIR}/${FRAMEWORKS_FOLDER_PATH}/CoinpaprikaAPI.framework",
			);
			runOnlyForDeploymentPostprocessing = 0;
			shellPath = /bin/sh;
			shellScript = "\"${PODS_ROOT}/Target Support Files/Pods-CoinpaprikaAPI_Example/Pods-CoinpaprikaAPI_Example-frameworks.sh\"\n";
			showEnvVarsInLog = 0;
		};
		2EF88B6A29CD06BFC46E3D66 /* [CP] Embed Pods Frameworks */ = {
			isa = PBXShellScriptBuildPhase;
			buildActionMask = 2147483647;
			files = (
			);
			inputFileListPaths = (
			);
			inputPaths = (
				"${PODS_ROOT}/Target Support Files/Pods-CoinpaprikaAPI_Example_macOS/Pods-CoinpaprikaAPI_Example_macOS-frameworks.sh",
				"${BUILT_PRODUCTS_DIR}/CoinpaprikaAPI-macOS/CoinpaprikaAPI.framework",
			);
			name = "[CP] Embed Pods Frameworks";
			outputFileListPaths = (
			);
			outputPaths = (
				"${TARGET_BUILD_DIR}/${FRAMEWORKS_FOLDER_PATH}/CoinpaprikaAPI.framework",
			);
			runOnlyForDeploymentPostprocessing = 0;
			shellPath = /bin/sh;
			shellScript = "\"${PODS_ROOT}/Target Support Files/Pods-CoinpaprikaAPI_Example_macOS/Pods-CoinpaprikaAPI_Example_macOS-frameworks.sh\"\n";
			showEnvVarsInLog = 0;
		};
		4CE783E4C74AFAC3C79825D5 /* [CP] Check Pods Manifest.lock */ = {
			isa = PBXShellScriptBuildPhase;
			buildActionMask = 2147483647;
			files = (
			);
			inputFileListPaths = (
			);
			inputPaths = (
				"${PODS_PODFILE_DIR_PATH}/Podfile.lock",
				"${PODS_ROOT}/Manifest.lock",
			);
			name = "[CP] Check Pods Manifest.lock";
			outputFileListPaths = (
			);
			outputPaths = (
				"$(DERIVED_FILE_DIR)/Pods-CoinpaprikaAPI_Example_tvOSTests-checkManifestLockResult.txt",
			);
			runOnlyForDeploymentPostprocessing = 0;
			shellPath = /bin/sh;
			shellScript = "diff \"${PODS_PODFILE_DIR_PATH}/Podfile.lock\" \"${PODS_ROOT}/Manifest.lock\" > /dev/null\nif [ $? != 0 ] ; then\n    # print error to STDERR\n    echo \"error: The sandbox is not in sync with the Podfile.lock. Run 'pod install' or update your CocoaPods installation.\" >&2\n    exit 1\nfi\n# This output is used by Xcode 'outputs' to avoid re-running this script phase.\necho \"SUCCESS\" > \"${SCRIPT_OUTPUT_FILE_0}\"\n";
			showEnvVarsInLog = 0;
		};
		50DAFBB6FB6D277381B357DF /* [CP] Check Pods Manifest.lock */ = {
			isa = PBXShellScriptBuildPhase;
			buildActionMask = 2147483647;
			files = (
			);
			inputFileListPaths = (
			);
			inputPaths = (
				"${PODS_PODFILE_DIR_PATH}/Podfile.lock",
				"${PODS_ROOT}/Manifest.lock",
			);
			name = "[CP] Check Pods Manifest.lock";
			outputFileListPaths = (
			);
			outputPaths = (
				"$(DERIVED_FILE_DIR)/Pods-CoinpaprikaAPI_Example_macOSTests-checkManifestLockResult.txt",
			);
			runOnlyForDeploymentPostprocessing = 0;
			shellPath = /bin/sh;
			shellScript = "diff \"${PODS_PODFILE_DIR_PATH}/Podfile.lock\" \"${PODS_ROOT}/Manifest.lock\" > /dev/null\nif [ $? != 0 ] ; then\n    # print error to STDERR\n    echo \"error: The sandbox is not in sync with the Podfile.lock. Run 'pod install' or update your CocoaPods installation.\" >&2\n    exit 1\nfi\n# This output is used by Xcode 'outputs' to avoid re-running this script phase.\necho \"SUCCESS\" > \"${SCRIPT_OUTPUT_FILE_0}\"\n";
			showEnvVarsInLog = 0;
		};
		7098C8FBA9D1215B4A56E551 /* [CP] Check Pods Manifest.lock */ = {
			isa = PBXShellScriptBuildPhase;
			buildActionMask = 2147483647;
			files = (
			);
			inputFileListPaths = (
			);
			inputPaths = (
				"${PODS_PODFILE_DIR_PATH}/Podfile.lock",
				"${PODS_ROOT}/Manifest.lock",
			);
			name = "[CP] Check Pods Manifest.lock";
			outputFileListPaths = (
			);
			outputPaths = (
				"$(DERIVED_FILE_DIR)/Pods-CoinpaprikaAPI_Tests-checkManifestLockResult.txt",
			);
			runOnlyForDeploymentPostprocessing = 0;
			shellPath = /bin/sh;
			shellScript = "diff \"${PODS_PODFILE_DIR_PATH}/Podfile.lock\" \"${PODS_ROOT}/Manifest.lock\" > /dev/null\nif [ $? != 0 ] ; then\n    # print error to STDERR\n    echo \"error: The sandbox is not in sync with the Podfile.lock. Run 'pod install' or update your CocoaPods installation.\" >&2\n    exit 1\nfi\n# This output is used by Xcode 'outputs' to avoid re-running this script phase.\necho \"SUCCESS\" > \"${SCRIPT_OUTPUT_FILE_0}\"\n";
			showEnvVarsInLog = 0;
		};
		770AF80DD83FAB85AA8327EA /* [CP] Check Pods Manifest.lock */ = {
			isa = PBXShellScriptBuildPhase;
			buildActionMask = 2147483647;
			files = (
			);
			inputFileListPaths = (
			);
			inputPaths = (
				"${PODS_PODFILE_DIR_PATH}/Podfile.lock",
				"${PODS_ROOT}/Manifest.lock",
			);
			name = "[CP] Check Pods Manifest.lock";
			outputFileListPaths = (
			);
			outputPaths = (
				"$(DERIVED_FILE_DIR)/Pods-CoinpaprikaAPI_Example_macOS-checkManifestLockResult.txt",
			);
			runOnlyForDeploymentPostprocessing = 0;
			shellPath = /bin/sh;
			shellScript = "diff \"${PODS_PODFILE_DIR_PATH}/Podfile.lock\" \"${PODS_ROOT}/Manifest.lock\" > /dev/null\nif [ $? != 0 ] ; then\n    # print error to STDERR\n    echo \"error: The sandbox is not in sync with the Podfile.lock. Run 'pod install' or update your CocoaPods installation.\" >&2\n    exit 1\nfi\n# This output is used by Xcode 'outputs' to avoid re-running this script phase.\necho \"SUCCESS\" > \"${SCRIPT_OUTPUT_FILE_0}\"\n";
			showEnvVarsInLog = 0;
		};
		8AB284518267E1EE86AFF787 /* [CP] Check Pods Manifest.lock */ = {
			isa = PBXShellScriptBuildPhase;
			buildActionMask = 2147483647;
			files = (
			);
			inputFileListPaths = (
			);
			inputPaths = (
				"${PODS_PODFILE_DIR_PATH}/Podfile.lock",
				"${PODS_ROOT}/Manifest.lock",
			);
			name = "[CP] Check Pods Manifest.lock";
			outputFileListPaths = (
			);
			outputPaths = (
				"$(DERIVED_FILE_DIR)/Pods-CoinpaprikaAPI_Example_tvOS-checkManifestLockResult.txt",
			);
			runOnlyForDeploymentPostprocessing = 0;
			shellPath = /bin/sh;
			shellScript = "diff \"${PODS_PODFILE_DIR_PATH}/Podfile.lock\" \"${PODS_ROOT}/Manifest.lock\" > /dev/null\nif [ $? != 0 ] ; then\n    # print error to STDERR\n    echo \"error: The sandbox is not in sync with the Podfile.lock. Run 'pod install' or update your CocoaPods installation.\" >&2\n    exit 1\nfi\n# This output is used by Xcode 'outputs' to avoid re-running this script phase.\necho \"SUCCESS\" > \"${SCRIPT_OUTPUT_FILE_0}\"\n";
			showEnvVarsInLog = 0;
		};
		BEA5FCC9D814314ADD1967F6 /* [CP] Embed Pods Frameworks */ = {
			isa = PBXShellScriptBuildPhase;
			buildActionMask = 2147483647;
			files = (
			);
			inputFileListPaths = (
			);
			inputPaths = (
				"${PODS_ROOT}/Target Support Files/Pods-CoinpaprikaAPI_Example_tvOS/Pods-CoinpaprikaAPI_Example_tvOS-frameworks.sh",
				"${BUILT_PRODUCTS_DIR}/CoinpaprikaAPI-tvOS/CoinpaprikaAPI.framework",
			);
			name = "[CP] Embed Pods Frameworks";
			outputFileListPaths = (
			);
			outputPaths = (
				"${TARGET_BUILD_DIR}/${FRAMEWORKS_FOLDER_PATH}/CoinpaprikaAPI.framework",
			);
			runOnlyForDeploymentPostprocessing = 0;
			shellPath = /bin/sh;
			shellScript = "\"${PODS_ROOT}/Target Support Files/Pods-CoinpaprikaAPI_Example_tvOS/Pods-CoinpaprikaAPI_Example_tvOS-frameworks.sh\"\n";
			showEnvVarsInLog = 0;
		};
		E3EF826C8457823C1CF8938A /* [CP] Check Pods Manifest.lock */ = {
			isa = PBXShellScriptBuildPhase;
			buildActionMask = 2147483647;
			files = (
			);
			inputFileListPaths = (
			);
			inputPaths = (
				"${PODS_PODFILE_DIR_PATH}/Podfile.lock",
				"${PODS_ROOT}/Manifest.lock",
			);
			name = "[CP] Check Pods Manifest.lock";
			outputFileListPaths = (
			);
			outputPaths = (
				"$(DERIVED_FILE_DIR)/Pods-CoinpaprikaAPI_Example-checkManifestLockResult.txt",
			);
			runOnlyForDeploymentPostprocessing = 0;
			shellPath = /bin/sh;
			shellScript = "diff \"${PODS_PODFILE_DIR_PATH}/Podfile.lock\" \"${PODS_ROOT}/Manifest.lock\" > /dev/null\nif [ $? != 0 ] ; then\n    # print error to STDERR\n    echo \"error: The sandbox is not in sync with the Podfile.lock. Run 'pod install' or update your CocoaPods installation.\" >&2\n    exit 1\nfi\n# This output is used by Xcode 'outputs' to avoid re-running this script phase.\necho \"SUCCESS\" > \"${SCRIPT_OUTPUT_FILE_0}\"\n";
			showEnvVarsInLog = 0;
		};
/* End PBXShellScriptBuildPhase section */

/* Begin PBXSourcesBuildPhase section */
		607FACCC1AFB9204008FA782 /* Sources */ = {
			isa = PBXSourcesBuildPhase;
			buildActionMask = 2147483647;
			files = (
				607FACD81AFB9204008FA782 /* ViewController.swift in Sources */,
				607FACD61AFB9204008FA782 /* AppDelegate.swift in Sources */,
			);
			runOnlyForDeploymentPostprocessing = 0;
		};
		607FACE11AFB9204008FA782 /* Sources */ = {
			isa = PBXSourcesBuildPhase;
			buildActionMask = 2147483647;
			files = (
				607FACEC1AFB9204008FA782 /* RequestTests.swift in Sources */,
				D9540E77215A7190000CF087 /* ModelTests.swift in Sources */,
			);
			runOnlyForDeploymentPostprocessing = 0;
		};
		D9540F75215B90E8000CF087 /* Sources */ = {
			isa = PBXSourcesBuildPhase;
			buildActionMask = 2147483647;
			files = (
				D9540F7E215B90E8000CF087 /* ViewController.swift in Sources */,
				D9540F7C215B90E8000CF087 /* AppDelegate.swift in Sources */,
			);
			runOnlyForDeploymentPostprocessing = 0;
		};
		D9540F86215B90E9000CF087 /* Sources */ = {
			isa = PBXSourcesBuildPhase;
			buildActionMask = 2147483647;
			files = (
				D9540F98215B9107000CF087 /* ModelTests.swift in Sources */,
				D9540F97215B9104000CF087 /* RequestTests.swift in Sources */,
			);
			runOnlyForDeploymentPostprocessing = 0;
		};
		D9540F9D215B998D000CF087 /* Sources */ = {
			isa = PBXSourcesBuildPhase;
			buildActionMask = 2147483647;
			files = (
				D9540FA6215B998D000CF087 /* ViewController.swift in Sources */,
				D9540FA4215B998D000CF087 /* AppDelegate.swift in Sources */,
			);
			runOnlyForDeploymentPostprocessing = 0;
		};
		D9540FAD215B998E000CF087 /* Sources */ = {
			isa = PBXSourcesBuildPhase;
			buildActionMask = 2147483647;
			files = (
				D9540FC3215B99BB000CF087 /* ModelTests.swift in Sources */,
				D9540FC2215B99B9000CF087 /* RequestTests.swift in Sources */,
			);
			runOnlyForDeploymentPostprocessing = 0;
		};
/* End PBXSourcesBuildPhase section */

/* Begin PBXTargetDependency section */
		607FACE71AFB9204008FA782 /* PBXTargetDependency */ = {
			isa = PBXTargetDependency;
			target = 607FACCF1AFB9204008FA782 /* CoinpaprikaAPI_Example */;
			targetProxy = 607FACE61AFB9204008FA782 /* PBXContainerItemProxy */;
		};
		D9540F8C215B90E9000CF087 /* PBXTargetDependency */ = {
			isa = PBXTargetDependency;
			target = D9540F78215B90E8000CF087 /* CoinpaprikaAPI_Example_macOS */;
			targetProxy = D9540F8B215B90E9000CF087 /* PBXContainerItemProxy */;
		};
		D9540FB3215B998E000CF087 /* PBXTargetDependency */ = {
			isa = PBXTargetDependency;
			target = D9540FA0215B998D000CF087 /* CoinpaprikaAPI_Example_tvOS */;
			targetProxy = D9540FB2215B998E000CF087 /* PBXContainerItemProxy */;
		};
/* End PBXTargetDependency section */

/* Begin PBXVariantGroup section */
		607FACD91AFB9204008FA782 /* Main.storyboard */ = {
			isa = PBXVariantGroup;
			children = (
				607FACDA1AFB9204008FA782 /* Base */,
			);
			name = Main.storyboard;
			sourceTree = "<group>";
		};
		607FACDE1AFB9204008FA782 /* LaunchScreen.xib */ = {
			isa = PBXVariantGroup;
			children = (
				607FACDF1AFB9204008FA782 /* Base */,
			);
			name = LaunchScreen.xib;
			sourceTree = "<group>";
		};
		D9540F81215B90E8000CF087 /* Main.storyboard */ = {
			isa = PBXVariantGroup;
			children = (
				D9540F82215B90E8000CF087 /* Base */,
			);
			name = Main.storyboard;
			sourceTree = "<group>";
		};
		D9540FA7215B998D000CF087 /* Main.storyboard */ = {
			isa = PBXVariantGroup;
			children = (
				D9540FA8215B998D000CF087 /* Base */,
			);
			name = Main.storyboard;
			sourceTree = "<group>";
		};
/* End PBXVariantGroup section */

/* Begin XCBuildConfiguration section */
		607FACED1AFB9204008FA782 /* Debug */ = {
			isa = XCBuildConfiguration;
			buildSettings = {
				ALWAYS_SEARCH_USER_PATHS = NO;
				CLANG_CXX_LANGUAGE_STANDARD = "gnu++0x";
				CLANG_CXX_LIBRARY = "libc++";
				CLANG_ENABLE_MODULES = YES;
				CLANG_ENABLE_OBJC_ARC = YES;
				CLANG_WARN_BLOCK_CAPTURE_AUTORELEASING = YES;
				CLANG_WARN_BOOL_CONVERSION = YES;
				CLANG_WARN_COMMA = YES;
				CLANG_WARN_CONSTANT_CONVERSION = YES;
				CLANG_WARN_DEPRECATED_OBJC_IMPLEMENTATIONS = YES;
				CLANG_WARN_DIRECT_OBJC_ISA_USAGE = YES_ERROR;
				CLANG_WARN_EMPTY_BODY = YES;
				CLANG_WARN_ENUM_CONVERSION = YES;
				CLANG_WARN_INFINITE_RECURSION = YES;
				CLANG_WARN_INT_CONVERSION = YES;
				CLANG_WARN_NON_LITERAL_NULL_CONVERSION = YES;
				CLANG_WARN_OBJC_IMPLICIT_RETAIN_SELF = YES;
				CLANG_WARN_OBJC_LITERAL_CONVERSION = YES;
				CLANG_WARN_OBJC_ROOT_CLASS = YES_ERROR;
				CLANG_WARN_RANGE_LOOP_ANALYSIS = YES;
				CLANG_WARN_STRICT_PROTOTYPES = YES;
				CLANG_WARN_SUSPICIOUS_MOVE = YES;
				CLANG_WARN_UNREACHABLE_CODE = YES;
				CLANG_WARN__DUPLICATE_METHOD_MATCH = YES;
				"CODE_SIGN_IDENTITY[sdk=iphoneos*]" = "iPhone Developer";
				COPY_PHASE_STRIP = NO;
				DEBUG_INFORMATION_FORMAT = "dwarf-with-dsym";
				ENABLE_STRICT_OBJC_MSGSEND = YES;
				ENABLE_TESTABILITY = YES;
				GCC_C_LANGUAGE_STANDARD = gnu99;
				GCC_DYNAMIC_NO_PIC = NO;
				GCC_NO_COMMON_BLOCKS = YES;
				GCC_OPTIMIZATION_LEVEL = 0;
				GCC_PREPROCESSOR_DEFINITIONS = (
					"DEBUG=1",
					"$(inherited)",
				);
				GCC_SYMBOLS_PRIVATE_EXTERN = NO;
				GCC_WARN_64_TO_32_BIT_CONVERSION = YES;
				GCC_WARN_ABOUT_RETURN_TYPE = YES_ERROR;
				GCC_WARN_UNDECLARED_SELECTOR = YES;
				GCC_WARN_UNINITIALIZED_AUTOS = YES_AGGRESSIVE;
				GCC_WARN_UNUSED_FUNCTION = YES;
				GCC_WARN_UNUSED_VARIABLE = YES;
				IPHONEOS_DEPLOYMENT_TARGET = 9.0;
				MTL_ENABLE_DEBUG_INFO = YES;
				ONLY_ACTIVE_ARCH = YES;
				SDKROOT = iphoneos;
				SWIFT_OPTIMIZATION_LEVEL = "-Onone";
			};
			name = Debug;
		};
		607FACEE1AFB9204008FA782 /* Release */ = {
			isa = XCBuildConfiguration;
			buildSettings = {
				ALWAYS_SEARCH_USER_PATHS = NO;
				CLANG_CXX_LANGUAGE_STANDARD = "gnu++0x";
				CLANG_CXX_LIBRARY = "libc++";
				CLANG_ENABLE_MODULES = YES;
				CLANG_ENABLE_OBJC_ARC = YES;
				CLANG_WARN_BLOCK_CAPTURE_AUTORELEASING = YES;
				CLANG_WARN_BOOL_CONVERSION = YES;
				CLANG_WARN_COMMA = YES;
				CLANG_WARN_CONSTANT_CONVERSION = YES;
				CLANG_WARN_DEPRECATED_OBJC_IMPLEMENTATIONS = YES;
				CLANG_WARN_DIRECT_OBJC_ISA_USAGE = YES_ERROR;
				CLANG_WARN_EMPTY_BODY = YES;
				CLANG_WARN_ENUM_CONVERSION = YES;
				CLANG_WARN_INFINITE_RECURSION = YES;
				CLANG_WARN_INT_CONVERSION = YES;
				CLANG_WARN_NON_LITERAL_NULL_CONVERSION = YES;
				CLANG_WARN_OBJC_IMPLICIT_RETAIN_SELF = YES;
				CLANG_WARN_OBJC_LITERAL_CONVERSION = YES;
				CLANG_WARN_OBJC_ROOT_CLASS = YES_ERROR;
				CLANG_WARN_RANGE_LOOP_ANALYSIS = YES;
				CLANG_WARN_STRICT_PROTOTYPES = YES;
				CLANG_WARN_SUSPICIOUS_MOVE = YES;
				CLANG_WARN_UNREACHABLE_CODE = YES;
				CLANG_WARN__DUPLICATE_METHOD_MATCH = YES;
				"CODE_SIGN_IDENTITY[sdk=iphoneos*]" = "iPhone Developer";
				COPY_PHASE_STRIP = NO;
				DEBUG_INFORMATION_FORMAT = "dwarf-with-dsym";
				ENABLE_NS_ASSERTIONS = NO;
				ENABLE_STRICT_OBJC_MSGSEND = YES;
				GCC_C_LANGUAGE_STANDARD = gnu99;
				GCC_NO_COMMON_BLOCKS = YES;
				GCC_WARN_64_TO_32_BIT_CONVERSION = YES;
				GCC_WARN_ABOUT_RETURN_TYPE = YES_ERROR;
				GCC_WARN_UNDECLARED_SELECTOR = YES;
				GCC_WARN_UNINITIALIZED_AUTOS = YES_AGGRESSIVE;
				GCC_WARN_UNUSED_FUNCTION = YES;
				GCC_WARN_UNUSED_VARIABLE = YES;
				IPHONEOS_DEPLOYMENT_TARGET = 9.0;
				MTL_ENABLE_DEBUG_INFO = NO;
				SDKROOT = iphoneos;
				SWIFT_OPTIMIZATION_LEVEL = "-Owholemodule";
				VALIDATE_PRODUCT = YES;
			};
			name = Release;
		};
		607FACF01AFB9204008FA782 /* Debug */ = {
			isa = XCBuildConfiguration;
			baseConfigurationReference = 0F41313F5BFC6473236CCAAB /* Pods-CoinpaprikaAPI_Example.debug.xcconfig */;
			buildSettings = {
				ASSETCATALOG_COMPILER_APPICON_NAME = AppIcon;
				CODE_SIGN_IDENTITY = "iPhone Developer";
				FRAMEWORK_SEARCH_PATHS = "$(inherited)";
				INFOPLIST_FILE = CoinpaprikaAPI/Info.plist;
				LD_RUNPATH_SEARCH_PATHS = "$(inherited) @executable_path/Frameworks";
				MODULE_NAME = ExampleApp;
				PRODUCT_BUNDLE_IDENTIFIER = "org.cocoapods.demo.$(PRODUCT_NAME:rfc1034identifier)";
				PRODUCT_NAME = "$(TARGET_NAME)";
				SWIFT_SWIFT3_OBJC_INFERENCE = Default;
				SWIFT_VERSION = 4.0;
			};
			name = Debug;
		};
		607FACF11AFB9204008FA782 /* Release */ = {
			isa = XCBuildConfiguration;
			baseConfigurationReference = 4213B8A4146263143295D72A /* Pods-CoinpaprikaAPI_Example.release.xcconfig */;
			buildSettings = {
				ASSETCATALOG_COMPILER_APPICON_NAME = AppIcon;
				CODE_SIGN_IDENTITY = "iPhone Developer";
				FRAMEWORK_SEARCH_PATHS = "$(inherited)";
				INFOPLIST_FILE = CoinpaprikaAPI/Info.plist;
				LD_RUNPATH_SEARCH_PATHS = "$(inherited) @executable_path/Frameworks";
				MODULE_NAME = ExampleApp;
				PRODUCT_BUNDLE_IDENTIFIER = "org.cocoapods.demo.$(PRODUCT_NAME:rfc1034identifier)";
				PRODUCT_NAME = "$(TARGET_NAME)";
				SWIFT_SWIFT3_OBJC_INFERENCE = Default;
				SWIFT_VERSION = 4.0;
			};
			name = Release;
		};
		607FACF31AFB9204008FA782 /* Debug */ = {
			isa = XCBuildConfiguration;
			baseConfigurationReference = 5D3E417D503727E3B31B7284 /* Pods-CoinpaprikaAPI_Tests.debug.xcconfig */;
			buildSettings = {
				FRAMEWORK_SEARCH_PATHS = "$(inherited)";
				GCC_PREPROCESSOR_DEFINITIONS = (
					"DEBUG=1",
					"$(inherited)",
				);
				INFOPLIST_FILE = Tests/Info.plist;
				LD_RUNPATH_SEARCH_PATHS = "$(inherited) @executable_path/Frameworks @loader_path/Frameworks";
				PRODUCT_BUNDLE_IDENTIFIER = "org.cocoapods.$(PRODUCT_NAME:rfc1034identifier)";
				PRODUCT_NAME = "$(TARGET_NAME)";
				SWIFT_SWIFT3_OBJC_INFERENCE = Default;
				SWIFT_VERSION = 4.0;
				TEST_HOST = "$(BUILT_PRODUCTS_DIR)/CoinpaprikaAPI_Example.app/CoinpaprikaAPI_Example";
			};
			name = Debug;
		};
		607FACF41AFB9204008FA782 /* Release */ = {
			isa = XCBuildConfiguration;
			baseConfigurationReference = 364CCB22D82CB609556F2B9A /* Pods-CoinpaprikaAPI_Tests.release.xcconfig */;
			buildSettings = {
				FRAMEWORK_SEARCH_PATHS = "$(inherited)";
				INFOPLIST_FILE = Tests/Info.plist;
				LD_RUNPATH_SEARCH_PATHS = "$(inherited) @executable_path/Frameworks @loader_path/Frameworks";
				PRODUCT_BUNDLE_IDENTIFIER = "org.cocoapods.$(PRODUCT_NAME:rfc1034identifier)";
				PRODUCT_NAME = "$(TARGET_NAME)";
				SWIFT_SWIFT3_OBJC_INFERENCE = Default;
				SWIFT_VERSION = 4.0;
				TEST_HOST = "$(BUILT_PRODUCTS_DIR)/CoinpaprikaAPI_Example.app/CoinpaprikaAPI_Example";
			};
			name = Release;
		};
		D9540F92215B90E9000CF087 /* Debug */ = {
			isa = XCBuildConfiguration;
			baseConfigurationReference = 1EDB9F0398FEBDB454B380C8 /* Pods-CoinpaprikaAPI_Example_macOS.debug.xcconfig */;
			buildSettings = {
				ASSETCATALOG_COMPILER_APPICON_NAME = AppIcon;
				CLANG_ANALYZER_NONNULL = YES;
				CLANG_ANALYZER_NUMBER_OBJECT_CONVERSION = YES_AGGRESSIVE;
				CLANG_CXX_LANGUAGE_STANDARD = "gnu++14";
				CLANG_ENABLE_OBJC_WEAK = YES;
				CLANG_WARN_DOCUMENTATION_COMMENTS = YES;
				CLANG_WARN_UNGUARDED_AVAILABILITY = YES_AGGRESSIVE;
				CODE_SIGN_ENTITLEMENTS = CoinpaprikaAPI_Example_macOS/CoinpaprikaAPI_Example_macOS.entitlements;
				CODE_SIGN_IDENTITY = "-";
				CODE_SIGN_STYLE = Automatic;
				COMBINE_HIDPI_IMAGES = YES;
				DEBUG_INFORMATION_FORMAT = dwarf;
				DEVELOPMENT_TEAM = T6CZDE446U;
				FRAMEWORK_SEARCH_PATHS = "$(inherited)";
				GCC_C_LANGUAGE_STANDARD = gnu11;
				INFOPLIST_FILE = CoinpaprikaAPI_Example_macOS/Info.plist;
				LD_RUNPATH_SEARCH_PATHS = "$(inherited) @executable_path/../Frameworks";
				MACOSX_DEPLOYMENT_TARGET = 10.14;
				MTL_ENABLE_DEBUG_INFO = INCLUDE_SOURCE;
				MTL_FAST_MATH = YES;
				PRODUCT_BUNDLE_IDENTIFIER = "com.greywizard.CoinpaprikaAPI-Example-macOS";
				PRODUCT_NAME = "$(TARGET_NAME)";
				PROVISIONING_PROFILE_SPECIFIER = "";
				SDKROOT = macosx;
				SWIFT_ACTIVE_COMPILATION_CONDITIONS = DEBUG;
				SWIFT_VERSION = 4.2;
			};
			name = Debug;
		};
		D9540F93215B90E9000CF087 /* Release */ = {
			isa = XCBuildConfiguration;
			baseConfigurationReference = 34730E464697EFF255DA7314 /* Pods-CoinpaprikaAPI_Example_macOS.release.xcconfig */;
			buildSettings = {
				ASSETCATALOG_COMPILER_APPICON_NAME = AppIcon;
				CLANG_ANALYZER_NONNULL = YES;
				CLANG_ANALYZER_NUMBER_OBJECT_CONVERSION = YES_AGGRESSIVE;
				CLANG_CXX_LANGUAGE_STANDARD = "gnu++14";
				CLANG_ENABLE_OBJC_WEAK = YES;
				CLANG_WARN_DOCUMENTATION_COMMENTS = YES;
				CLANG_WARN_UNGUARDED_AVAILABILITY = YES_AGGRESSIVE;
				CODE_SIGN_ENTITLEMENTS = CoinpaprikaAPI_Example_macOS/CoinpaprikaAPI_Example_macOS.entitlements;
				CODE_SIGN_IDENTITY = "-";
				CODE_SIGN_STYLE = Automatic;
				COMBINE_HIDPI_IMAGES = YES;
				DEVELOPMENT_TEAM = T6CZDE446U;
				FRAMEWORK_SEARCH_PATHS = "$(inherited)";
				GCC_C_LANGUAGE_STANDARD = gnu11;
				INFOPLIST_FILE = CoinpaprikaAPI_Example_macOS/Info.plist;
				LD_RUNPATH_SEARCH_PATHS = "$(inherited) @executable_path/../Frameworks";
				MACOSX_DEPLOYMENT_TARGET = 10.14;
				MTL_FAST_MATH = YES;
				PRODUCT_BUNDLE_IDENTIFIER = "com.greywizard.CoinpaprikaAPI-Example-macOS";
				PRODUCT_NAME = "$(TARGET_NAME)";
				PROVISIONING_PROFILE_SPECIFIER = "";
				SDKROOT = macosx;
				SWIFT_VERSION = 4.2;
			};
			name = Release;
		};
		D9540F95215B90E9000CF087 /* Debug */ = {
			isa = XCBuildConfiguration;
			baseConfigurationReference = D869E5769BA658DDC49F4AAD /* Pods-CoinpaprikaAPI_Example_macOSTests.debug.xcconfig */;
			buildSettings = {
				ALWAYS_EMBED_SWIFT_STANDARD_LIBRARIES = YES;
				BUNDLE_LOADER = "$(TEST_HOST)";
				CLANG_ANALYZER_NONNULL = YES;
				CLANG_ANALYZER_NUMBER_OBJECT_CONVERSION = YES_AGGRESSIVE;
				CLANG_CXX_LANGUAGE_STANDARD = "gnu++14";
				CLANG_ENABLE_OBJC_WEAK = YES;
				CLANG_WARN_DOCUMENTATION_COMMENTS = YES;
				CLANG_WARN_UNGUARDED_AVAILABILITY = YES_AGGRESSIVE;
				CODE_SIGN_IDENTITY = "-";
				CODE_SIGN_STYLE = Automatic;
				COMBINE_HIDPI_IMAGES = YES;
				DEBUG_INFORMATION_FORMAT = dwarf;
				DEVELOPMENT_TEAM = "";
				FRAMEWORK_SEARCH_PATHS = "$(inherited)";
				GCC_C_LANGUAGE_STANDARD = gnu11;
				INFOPLIST_FILE = CoinpaprikaAPI_Example_macOSTests/Info.plist;
				LD_RUNPATH_SEARCH_PATHS = "$(inherited) @executable_path/../Frameworks @loader_path/../Frameworks $(FRAMEWORK_SEARCH_PATHS)";
				MACOSX_DEPLOYMENT_TARGET = 10.14;
				MTL_ENABLE_DEBUG_INFO = INCLUDE_SOURCE;
				MTL_FAST_MATH = YES;
				PRODUCT_BUNDLE_IDENTIFIER = "com.greywizard.CoinpaprikaAPI-Example-macOSTests";
				PRODUCT_NAME = "$(TARGET_NAME)";
				SDKROOT = macosx;
				SWIFT_ACTIVE_COMPILATION_CONDITIONS = DEBUG;
				SWIFT_VERSION = 4.2;
				TEST_HOST = "$(BUILT_PRODUCTS_DIR)/CoinpaprikaAPI_Example_macOS.app/Contents/MacOS/CoinpaprikaAPI_Example_macOS";
			};
			name = Debug;
		};
		D9540F96215B90E9000CF087 /* Release */ = {
			isa = XCBuildConfiguration;
			baseConfigurationReference = CE87083914BABBD7D1A8BC78 /* Pods-CoinpaprikaAPI_Example_macOSTests.release.xcconfig */;
			buildSettings = {
				ALWAYS_EMBED_SWIFT_STANDARD_LIBRARIES = YES;
				BUNDLE_LOADER = "$(TEST_HOST)";
				CLANG_ANALYZER_NONNULL = YES;
				CLANG_ANALYZER_NUMBER_OBJECT_CONVERSION = YES_AGGRESSIVE;
				CLANG_CXX_LANGUAGE_STANDARD = "gnu++14";
				CLANG_ENABLE_OBJC_WEAK = YES;
				CLANG_WARN_DOCUMENTATION_COMMENTS = YES;
				CLANG_WARN_UNGUARDED_AVAILABILITY = YES_AGGRESSIVE;
				CODE_SIGN_IDENTITY = "-";
				CODE_SIGN_STYLE = Automatic;
				COMBINE_HIDPI_IMAGES = YES;
				DEVELOPMENT_TEAM = "";
				FRAMEWORK_SEARCH_PATHS = "$(inherited)";
				GCC_C_LANGUAGE_STANDARD = gnu11;
				INFOPLIST_FILE = CoinpaprikaAPI_Example_macOSTests/Info.plist;
				LD_RUNPATH_SEARCH_PATHS = "$(inherited) @executable_path/../Frameworks @loader_path/../Frameworks $(FRAMEWORK_SEARCH_PATHS)";
				MACOSX_DEPLOYMENT_TARGET = 10.14;
				MTL_FAST_MATH = YES;
				PRODUCT_BUNDLE_IDENTIFIER = "com.greywizard.CoinpaprikaAPI-Example-macOSTests";
				PRODUCT_NAME = "$(TARGET_NAME)";
				SDKROOT = macosx;
				SWIFT_VERSION = 4.2;
				TEST_HOST = "$(BUILT_PRODUCTS_DIR)/CoinpaprikaAPI_Example_macOS.app/Contents/MacOS/CoinpaprikaAPI_Example_macOS";
			};
			name = Release;
		};
		D9540FB9215B998F000CF087 /* Debug */ = {
			isa = XCBuildConfiguration;
			baseConfigurationReference = B9E056C692EC1DC829AEC0F6 /* Pods-CoinpaprikaAPI_Example_tvOS.debug.xcconfig */;
			buildSettings = {
				ASSETCATALOG_COMPILER_APPICON_NAME = "App Icon & Top Shelf Image";
				ASSETCATALOG_COMPILER_LAUNCHIMAGE_NAME = LaunchImage;
				CLANG_ANALYZER_NONNULL = YES;
				CLANG_ANALYZER_NUMBER_OBJECT_CONVERSION = YES_AGGRESSIVE;
				CLANG_CXX_LANGUAGE_STANDARD = "gnu++14";
				CLANG_ENABLE_OBJC_WEAK = YES;
				CLANG_WARN_DOCUMENTATION_COMMENTS = YES;
				CLANG_WARN_UNGUARDED_AVAILABILITY = YES_AGGRESSIVE;
				CODE_SIGN_STYLE = Automatic;
				DEBUG_INFORMATION_FORMAT = dwarf;
				DEVELOPMENT_TEAM = "";
				FRAMEWORK_SEARCH_PATHS = "$(inherited)";
				GCC_C_LANGUAGE_STANDARD = gnu11;
				INFOPLIST_FILE = CoinpaprikaAPI_Example_tvOS/Info.plist;
				LD_RUNPATH_SEARCH_PATHS = "$(inherited) @executable_path/Frameworks";
				MTL_ENABLE_DEBUG_INFO = INCLUDE_SOURCE;
				MTL_FAST_MATH = YES;
				PRODUCT_BUNDLE_IDENTIFIER = "com.greywizard.CoinpaprikaAPI-Example-tvOS";
				PRODUCT_NAME = "$(TARGET_NAME)";
				SDKROOT = appletvos;
				SWIFT_ACTIVE_COMPILATION_CONDITIONS = DEBUG;
				SWIFT_VERSION = 4.2;
				TARGETED_DEVICE_FAMILY = 3;
				TVOS_DEPLOYMENT_TARGET = 12.0;
			};
			name = Debug;
		};
		D9540FBA215B998F000CF087 /* Release */ = {
			isa = XCBuildConfiguration;
			baseConfigurationReference = 4E22AE7D43DD2E03FA0E9CBB /* Pods-CoinpaprikaAPI_Example_tvOS.release.xcconfig */;
			buildSettings = {
				ASSETCATALOG_COMPILER_APPICON_NAME = "App Icon & Top Shelf Image";
				ASSETCATALOG_COMPILER_LAUNCHIMAGE_NAME = LaunchImage;
				CLANG_ANALYZER_NONNULL = YES;
				CLANG_ANALYZER_NUMBER_OBJECT_CONVERSION = YES_AGGRESSIVE;
				CLANG_CXX_LANGUAGE_STANDARD = "gnu++14";
				CLANG_ENABLE_OBJC_WEAK = YES;
				CLANG_WARN_DOCUMENTATION_COMMENTS = YES;
				CLANG_WARN_UNGUARDED_AVAILABILITY = YES_AGGRESSIVE;
				CODE_SIGN_STYLE = Automatic;
				DEVELOPMENT_TEAM = "";
				FRAMEWORK_SEARCH_PATHS = "$(inherited)";
				GCC_C_LANGUAGE_STANDARD = gnu11;
				INFOPLIST_FILE = CoinpaprikaAPI_Example_tvOS/Info.plist;
				LD_RUNPATH_SEARCH_PATHS = "$(inherited) @executable_path/Frameworks";
				MTL_FAST_MATH = YES;
				PRODUCT_BUNDLE_IDENTIFIER = "com.greywizard.CoinpaprikaAPI-Example-tvOS";
				PRODUCT_NAME = "$(TARGET_NAME)";
				SDKROOT = appletvos;
				SWIFT_VERSION = 4.2;
				TARGETED_DEVICE_FAMILY = 3;
				TVOS_DEPLOYMENT_TARGET = 12.0;
			};
			name = Release;
		};
		D9540FBC215B998F000CF087 /* Debug */ = {
			isa = XCBuildConfiguration;
			baseConfigurationReference = 2C51BA3E8454281A265A8C60 /* Pods-CoinpaprikaAPI_Example_tvOSTests.debug.xcconfig */;
			buildSettings = {
				ALWAYS_EMBED_SWIFT_STANDARD_LIBRARIES = YES;
				BUNDLE_LOADER = "$(TEST_HOST)";
				CLANG_ANALYZER_NONNULL = YES;
				CLANG_ANALYZER_NUMBER_OBJECT_CONVERSION = YES_AGGRESSIVE;
				CLANG_CXX_LANGUAGE_STANDARD = "gnu++14";
				CLANG_ENABLE_OBJC_WEAK = YES;
				CLANG_WARN_DOCUMENTATION_COMMENTS = YES;
				CLANG_WARN_UNGUARDED_AVAILABILITY = YES_AGGRESSIVE;
				CODE_SIGN_STYLE = Automatic;
				DEBUG_INFORMATION_FORMAT = dwarf;
				DEVELOPMENT_TEAM = "";
				FRAMEWORK_SEARCH_PATHS = "$(inherited)";
				GCC_C_LANGUAGE_STANDARD = gnu11;
				INFOPLIST_FILE = CoinpaprikaAPI_Example_tvOSTests/Info.plist;
				LD_RUNPATH_SEARCH_PATHS = "$(inherited) @executable_path/Frameworks @loader_path/Frameworks";
				MTL_ENABLE_DEBUG_INFO = INCLUDE_SOURCE;
				MTL_FAST_MATH = YES;
				PRODUCT_BUNDLE_IDENTIFIER = "com.greywizard.CoinpaprikaAPI-Example-tvOSTests";
				PRODUCT_NAME = "$(TARGET_NAME)";
				SDKROOT = appletvos;
				SWIFT_ACTIVE_COMPILATION_CONDITIONS = DEBUG;
				SWIFT_VERSION = 4.2;
				TARGETED_DEVICE_FAMILY = 3;
				TEST_HOST = "$(BUILT_PRODUCTS_DIR)/CoinpaprikaAPI_Example_tvOS.app/CoinpaprikaAPI_Example_tvOS";
				TVOS_DEPLOYMENT_TARGET = 12.0;
			};
			name = Debug;
		};
		D9540FBD215B998F000CF087 /* Release */ = {
			isa = XCBuildConfiguration;
			baseConfigurationReference = DD4148C7EEC83D5BF6325C9E /* Pods-CoinpaprikaAPI_Example_tvOSTests.release.xcconfig */;
			buildSettings = {
				ALWAYS_EMBED_SWIFT_STANDARD_LIBRARIES = YES;
				BUNDLE_LOADER = "$(TEST_HOST)";
				CLANG_ANALYZER_NONNULL = YES;
				CLANG_ANALYZER_NUMBER_OBJECT_CONVERSION = YES_AGGRESSIVE;
				CLANG_CXX_LANGUAGE_STANDARD = "gnu++14";
				CLANG_ENABLE_OBJC_WEAK = YES;
				CLANG_WARN_DOCUMENTATION_COMMENTS = YES;
				CLANG_WARN_UNGUARDED_AVAILABILITY = YES_AGGRESSIVE;
				CODE_SIGN_STYLE = Automatic;
				DEVELOPMENT_TEAM = "";
				FRAMEWORK_SEARCH_PATHS = "$(inherited)";
				GCC_C_LANGUAGE_STANDARD = gnu11;
				INFOPLIST_FILE = CoinpaprikaAPI_Example_tvOSTests/Info.plist;
				LD_RUNPATH_SEARCH_PATHS = "$(inherited) @executable_path/Frameworks @loader_path/Frameworks";
				MTL_FAST_MATH = YES;
				PRODUCT_BUNDLE_IDENTIFIER = "com.greywizard.CoinpaprikaAPI-Example-tvOSTests";
				PRODUCT_NAME = "$(TARGET_NAME)";
				SDKROOT = appletvos;
				SWIFT_VERSION = 4.2;
				TARGETED_DEVICE_FAMILY = 3;
				TEST_HOST = "$(BUILT_PRODUCTS_DIR)/CoinpaprikaAPI_Example_tvOS.app/CoinpaprikaAPI_Example_tvOS";
				TVOS_DEPLOYMENT_TARGET = 12.0;
			};
			name = Release;
		};
/* End XCBuildConfiguration section */

/* Begin XCConfigurationList section */
		607FACCB1AFB9204008FA782 /* Build configuration list for PBXProject "CoinpaprikaAPI" */ = {
			isa = XCConfigurationList;
			buildConfigurations = (
				607FACED1AFB9204008FA782 /* Debug */,
				607FACEE1AFB9204008FA782 /* Release */,
			);
			defaultConfigurationIsVisible = 0;
			defaultConfigurationName = Release;
		};
		607FACEF1AFB9204008FA782 /* Build configuration list for PBXNativeTarget "CoinpaprikaAPI_Example" */ = {
			isa = XCConfigurationList;
			buildConfigurations = (
				607FACF01AFB9204008FA782 /* Debug */,
				607FACF11AFB9204008FA782 /* Release */,
			);
			defaultConfigurationIsVisible = 0;
			defaultConfigurationName = Release;
		};
		607FACF21AFB9204008FA782 /* Build configuration list for PBXNativeTarget "CoinpaprikaAPI_Tests" */ = {
			isa = XCConfigurationList;
			buildConfigurations = (
				607FACF31AFB9204008FA782 /* Debug */,
				607FACF41AFB9204008FA782 /* Release */,
			);
			defaultConfigurationIsVisible = 0;
			defaultConfigurationName = Release;
		};
		D9540F91215B90E9000CF087 /* Build configuration list for PBXNativeTarget "CoinpaprikaAPI_Example_macOS" */ = {
			isa = XCConfigurationList;
			buildConfigurations = (
				D9540F92215B90E9000CF087 /* Debug */,
				D9540F93215B90E9000CF087 /* Release */,
			);
			defaultConfigurationIsVisible = 0;
			defaultConfigurationName = Release;
		};
		D9540F94215B90E9000CF087 /* Build configuration list for PBXNativeTarget "CoinpaprikaAPI_Example_macOSTests" */ = {
			isa = XCConfigurationList;
			buildConfigurations = (
				D9540F95215B90E9000CF087 /* Debug */,
				D9540F96215B90E9000CF087 /* Release */,
			);
			defaultConfigurationIsVisible = 0;
			defaultConfigurationName = Release;
		};
		D9540FB8215B998F000CF087 /* Build configuration list for PBXNativeTarget "CoinpaprikaAPI_Example_tvOS" */ = {
			isa = XCConfigurationList;
			buildConfigurations = (
				D9540FB9215B998F000CF087 /* Debug */,
				D9540FBA215B998F000CF087 /* Release */,
			);
			defaultConfigurationIsVisible = 0;
			defaultConfigurationName = Release;
		};
		D9540FBB215B998F000CF087 /* Build configuration list for PBXNativeTarget "CoinpaprikaAPI_Example_tvOSTests" */ = {
			isa = XCConfigurationList;
			buildConfigurations = (
				D9540FBC215B998F000CF087 /* Debug */,
				D9540FBD215B998F000CF087 /* Release */,
			);
			defaultConfigurationIsVisible = 0;
			defaultConfigurationName = Release;
		};
/* End XCConfigurationList section */
	};
	rootObject = 607FACC81AFB9204008FA782 /* Project object */;
}
