// !$*UTF8*$!
{
   archiveVersion = "1";
   objectVersion = "46";
   objects = {
      "Coinpaprika::Coinpaprika" = {
         isa = "PBXNativeTarget";
         buildConfigurationList = "OBJ_57";
         buildPhases = (
            "OBJ_60",
            "OBJ_84"
         );
         dependencies = (
            "OBJ_86"
         );
         name = "Coinpaprika";
         productName = "Coinpaprika";
         productReference = "Coinpaprika::Coinpaprika::Product";
         productType = "com.apple.product-type.framework";
      };
      "Coinpaprika::Coinpaprika::Product" = {
         isa = "PBXFileReference";
         path = "Coinpaprika.framework";
         sourceTree = "BUILT_PRODUCTS_DIR";
      };
      "Coinpaprika::CoinpaprikaNetworking" = {
         isa = "PBXNativeTarget";
         buildConfigurationList = "OBJ_88";
         buildPhases = (
            "OBJ_91",
            "OBJ_97"
         );
         dependencies = (
         );
         name = "CoinpaprikaNetworking";
         productName = "CoinpaprikaNetworking";
         productReference = "Coinpaprika::CoinpaprikaNetworking::Product";
         productType = "com.apple.product-type.framework";
      };
      "Coinpaprika::CoinpaprikaNetworking::Product" = {
         isa = "PBXFileReference";
         path = "CoinpaprikaNetworking.framework";
         sourceTree = "BUILT_PRODUCTS_DIR";
      };
      "Coinpaprika::CoinpaprikaNetworkingMocks" = {
         isa = "PBXNativeTarget";
         buildConfigurationList = "OBJ_99";
         buildPhases = (
            "OBJ_102",
            "OBJ_105"
         );
         dependencies = (
            "OBJ_107"
         );
         name = "CoinpaprikaNetworkingMocks";
         productName = "CoinpaprikaNetworkingMocks";
         productReference = "Coinpaprika::CoinpaprikaNetworkingMocks::Product";
         productType = "com.apple.product-type.framework";
      };
      "Coinpaprika::CoinpaprikaNetworkingMocks::Product" = {
         isa = "PBXFileReference";
         path = "CoinpaprikaNetworkingMocks.framework";
         sourceTree = "BUILT_PRODUCTS_DIR";
      };
      "Coinpaprika::CoinpaprikaPackageTests::ProductTarget" = {
         isa = "PBXAggregateTarget";
         buildConfigurationList = "OBJ_115";
         buildPhases = (
         );
         dependencies = (
            "OBJ_118"
         );
         name = "CoinpaprikaPackageTests";
         productName = "CoinpaprikaPackageTests";
      };
      "Coinpaprika::CoinpaprikaTests" = {
         isa = "PBXNativeTarget";
         buildConfigurationList = "OBJ_120";
         buildPhases = (
            "OBJ_123",
            "OBJ_127"
         );
         dependencies = (
            "OBJ_131",
            "OBJ_132",
            "OBJ_133"
         );
         name = "CoinpaprikaTests";
         productName = "CoinpaprikaTests";
         productReference = "Coinpaprika::CoinpaprikaTests::Product";
         productType = "com.apple.product-type.bundle.unit-test";
      };
      "Coinpaprika::CoinpaprikaTests::Product" = {
         isa = "PBXFileReference";
         path = "CoinpaprikaTests.xctest";
         sourceTree = "BUILT_PRODUCTS_DIR";
      };
      "Coinpaprika::SwiftPMPackageDescription" = {
         isa = "PBXNativeTarget";
         buildConfigurationList = "OBJ_109";
         buildPhases = (
            "OBJ_112"
         );
         dependencies = (
         );
         name = "CoinpaprikaPackageDescription";
         productName = "CoinpaprikaPackageDescription";
         productType = "com.apple.product-type.framework";
      };
      "OBJ_1" = {
         isa = "PBXProject";
         attributes = {
            LastSwiftMigration = "9999";
            LastUpgradeCheck = "9999";
         };
         buildConfigurationList = "OBJ_2";
         compatibilityVersion = "Xcode 3.2";
         developmentRegion = "en";
         hasScannedForEncodings = "0";
         knownRegions = (
            "en"
         );
         mainGroup = "OBJ_5";
         productRefGroup = "OBJ_47";
         projectDirPath = ".";
         targets = (
            "Coinpaprika::Coinpaprika",
            "Coinpaprika::CoinpaprikaNetworking",
            "Coinpaprika::CoinpaprikaNetworkingMocks",
            "Coinpaprika::SwiftPMPackageDescription",
            "Coinpaprika::CoinpaprikaPackageTests::ProductTarget",
            "Coinpaprika::CoinpaprikaTests"
         );
      };
      "OBJ_10" = {
         isa = "PBXFileReference";
         path = "Configuration.swift";
         sourceTree = "<group>";
      };
      "OBJ_100" = {
         isa = "XCBuildConfiguration";
         buildSettings = {
            ENABLE_TESTABILITY = "YES";
            FRAMEWORK_SEARCH_PATHS = (
               "$(inherited)",
               "$(PLATFORM_DIR)/Developer/Library/Frameworks"
            );
            HEADER_SEARCH_PATHS = (
               "$(inherited)"
            );
            INFOPLIST_FILE = "Coinpaprika.xcodeproj/CoinpaprikaNetworkingMocks_Info.plist";
            IPHONEOS_DEPLOYMENT_TARGET = "10.0";
            LD_RUNPATH_SEARCH_PATHS = (
               "$(inherited)",
               "$(TOOLCHAIN_DIR)/usr/lib/swift/macosx"
            );
            MACOSX_DEPLOYMENT_TARGET = "10.12";
            OTHER_CFLAGS = (
               "$(inherited)"
            );
            OTHER_LDFLAGS = (
               "$(inherited)"
            );
            OTHER_SWIFT_FLAGS = (
               "$(inherited)"
            );
            PRODUCT_BUNDLE_IDENTIFIER = "CoinpaprikaNetworkingMocks";
            PRODUCT_MODULE_NAME = "$(TARGET_NAME:c99extidentifier)";
            PRODUCT_NAME = "$(TARGET_NAME:c99extidentifier)";
            SKIP_INSTALL = "YES";
            SWIFT_ACTIVE_COMPILATION_CONDITIONS = (
               "$(inherited)"
            );
            SWIFT_VERSION = "5.0";
            TARGET_NAME = "CoinpaprikaNetworkingMocks";
            TVOS_DEPLOYMENT_TARGET = "10.0";
            WATCHOS_DEPLOYMENT_TARGET = "3.0";
         };
         name = "Debug";
      };
      "OBJ_101" = {
         isa = "XCBuildConfiguration";
         buildSettings = {
            ENABLE_TESTABILITY = "YES";
            FRAMEWORK_SEARCH_PATHS = (
               "$(inherited)",
               "$(PLATFORM_DIR)/Developer/Library/Frameworks"
            );
            HEADER_SEARCH_PATHS = (
               "$(inherited)"
            );
            INFOPLIST_FILE = "Coinpaprika.xcodeproj/CoinpaprikaNetworkingMocks_Info.plist";
            IPHONEOS_DEPLOYMENT_TARGET = "10.0";
            LD_RUNPATH_SEARCH_PATHS = (
               "$(inherited)",
               "$(TOOLCHAIN_DIR)/usr/lib/swift/macosx"
            );
            MACOSX_DEPLOYMENT_TARGET = "10.12";
            OTHER_CFLAGS = (
               "$(inherited)"
            );
            OTHER_LDFLAGS = (
               "$(inherited)"
            );
            OTHER_SWIFT_FLAGS = (
               "$(inherited)"
            );
            PRODUCT_BUNDLE_IDENTIFIER = "CoinpaprikaNetworkingMocks";
            PRODUCT_MODULE_NAME = "$(TARGET_NAME:c99extidentifier)";
            PRODUCT_NAME = "$(TARGET_NAME:c99extidentifier)";
            SKIP_INSTALL = "YES";
            SWIFT_ACTIVE_COMPILATION_CONDITIONS = (
               "$(inherited)"
            );
            SWIFT_VERSION = "5.0";
            TARGET_NAME = "CoinpaprikaNetworkingMocks";
            TVOS_DEPLOYMENT_TARGET = "10.0";
            WATCHOS_DEPLOYMENT_TARGET = "3.0";
         };
         name = "Release";
      };
      "OBJ_102" = {
         isa = "PBXSourcesBuildPhase";
         files = (
            "OBJ_103",
            "OBJ_104"
         );
      };
      "OBJ_103" = {
         isa = "PBXBuildFile";
         fileRef = "OBJ_41";
      };
      "OBJ_104" = {
         isa = "PBXBuildFile";
         fileRef = "OBJ_42";
      };
      "OBJ_105" = {
         isa = "PBXFrameworksBuildPhase";
         files = (
            "OBJ_106"
         );
      };
      "OBJ_106" = {
         isa = "PBXBuildFile";
         fileRef = "Coinpaprika::CoinpaprikaNetworking::Product";
      };
      "OBJ_107" = {
         isa = "PBXTargetDependency";
         target = "Coinpaprika::CoinpaprikaNetworking";
      };
      "OBJ_109" = {
         isa = "XCConfigurationList";
         buildConfigurations = (
            "OBJ_110",
            "OBJ_111"
         );
         defaultConfigurationIsVisible = "0";
         defaultConfigurationName = "Release";
      };
      "OBJ_11" = {
         isa = "PBXGroup";
         children = (
            "OBJ_12"
         );
         name = "Helpers";
         path = "Helpers";
         sourceTree = "<group>";
      };
      "OBJ_110" = {
         isa = "XCBuildConfiguration";
         buildSettings = {
            LD = "/usr/bin/true";
            OTHER_SWIFT_FLAGS = (
               "-swift-version",
               "5",
               "-I",
               "$(TOOLCHAIN_DIR)/usr/lib/swift/pm/4_2",
               "-target",
               "x86_64-apple-macosx10.10",
               "-sdk",
               "/Applications/Xcode.app/Contents/Developer/Platforms/MacOSX.platform/Developer/SDKs/MacOSX10.15.sdk",
               "-package-description-version",
               "5"
            );
            SWIFT_VERSION = "5.0";
         };
         name = "Debug";
      };
      "OBJ_111" = {
         isa = "XCBuildConfiguration";
         buildSettings = {
            LD = "/usr/bin/true";
            OTHER_SWIFT_FLAGS = (
               "-swift-version",
               "5",
               "-I",
               "$(TOOLCHAIN_DIR)/usr/lib/swift/pm/4_2",
               "-target",
               "x86_64-apple-macosx10.10",
               "-sdk",
               "/Applications/Xcode.app/Contents/Developer/Platforms/MacOSX.platform/Developer/SDKs/MacOSX10.15.sdk",
               "-package-description-version",
               "5"
            );
            SWIFT_VERSION = "5.0";
         };
         name = "Release";
      };
      "OBJ_112" = {
         isa = "PBXSourcesBuildPhase";
         files = (
            "OBJ_113"
         );
      };
      "OBJ_113" = {
         isa = "PBXBuildFile";
         fileRef = "OBJ_6";
      };
      "OBJ_115" = {
         isa = "XCConfigurationList";
         buildConfigurations = (
            "OBJ_116",
            "OBJ_117"
         );
         defaultConfigurationIsVisible = "0";
         defaultConfigurationName = "Release";
      };
      "OBJ_116" = {
         isa = "XCBuildConfiguration";
         buildSettings = {
         };
         name = "Debug";
      };
      "OBJ_117" = {
         isa = "XCBuildConfiguration";
         buildSettings = {
         };
         name = "Release";
      };
      "OBJ_118" = {
         isa = "PBXTargetDependency";
         target = "Coinpaprika::CoinpaprikaTests";
      };
      "OBJ_12" = {
         isa = "PBXFileReference";
         path = "QueryRepresentable.swift";
         sourceTree = "<group>";
      };
      "OBJ_120" = {
         isa = "XCConfigurationList";
         buildConfigurations = (
            "OBJ_121",
            "OBJ_122"
         );
         defaultConfigurationIsVisible = "0";
         defaultConfigurationName = "Release";
      };
      "OBJ_121" = {
         isa = "XCBuildConfiguration";
         buildSettings = {
            CLANG_ENABLE_MODULES = "YES";
            EMBEDDED_CONTENT_CONTAINS_SWIFT = "YES";
            FRAMEWORK_SEARCH_PATHS = (
               "$(inherited)",
               "$(PLATFORM_DIR)/Developer/Library/Frameworks"
            );
            HEADER_SEARCH_PATHS = (
               "$(inherited)"
            );
            INFOPLIST_FILE = "Coinpaprika.xcodeproj/CoinpaprikaTests_Info.plist";
            IPHONEOS_DEPLOYMENT_TARGET = "10.0";
            LD_RUNPATH_SEARCH_PATHS = (
               "$(inherited)",
               "@loader_path/../Frameworks",
               "@loader_path/Frameworks"
            );
            MACOSX_DEPLOYMENT_TARGET = "10.12";
            OTHER_CFLAGS = (
               "$(inherited)"
            );
            OTHER_LDFLAGS = (
               "$(inherited)"
            );
            OTHER_SWIFT_FLAGS = (
               "$(inherited)"
            );
            SWIFT_ACTIVE_COMPILATION_CONDITIONS = (
               "$(inherited)"
            );
            SWIFT_VERSION = "5.0";
            TARGET_NAME = "CoinpaprikaTests";
            TVOS_DEPLOYMENT_TARGET = "10.0";
            WATCHOS_DEPLOYMENT_TARGET = "3.0";
         };
         name = "Debug";
      };
      "OBJ_122" = {
         isa = "XCBuildConfiguration";
         buildSettings = {
            CLANG_ENABLE_MODULES = "YES";
            EMBEDDED_CONTENT_CONTAINS_SWIFT = "YES";
            FRAMEWORK_SEARCH_PATHS = (
               "$(inherited)",
               "$(PLATFORM_DIR)/Developer/Library/Frameworks"
            );
            HEADER_SEARCH_PATHS = (
               "$(inherited)"
            );
            INFOPLIST_FILE = "Coinpaprika.xcodeproj/CoinpaprikaTests_Info.plist";
            IPHONEOS_DEPLOYMENT_TARGET = "10.0";
            LD_RUNPATH_SEARCH_PATHS = (
               "$(inherited)",
               "@loader_path/../Frameworks",
               "@loader_path/Frameworks"
            );
            MACOSX_DEPLOYMENT_TARGET = "10.12";
            OTHER_CFLAGS = (
               "$(inherited)"
            );
            OTHER_LDFLAGS = (
               "$(inherited)"
            );
            OTHER_SWIFT_FLAGS = (
               "$(inherited)"
            );
            SWIFT_ACTIVE_COMPILATION_CONDITIONS = (
               "$(inherited)"
            );
            SWIFT_VERSION = "5.0";
            TARGET_NAME = "CoinpaprikaTests";
            TVOS_DEPLOYMENT_TARGET = "10.0";
            WATCHOS_DEPLOYMENT_TARGET = "3.0";
         };
         name = "Release";
      };
      "OBJ_123" = {
         isa = "PBXSourcesBuildPhase";
         files = (
            "OBJ_124",
            "OBJ_125",
            "OBJ_126"
         );
      };
      "OBJ_124" = {
         isa = "PBXBuildFile";
         fileRef = "OBJ_44";
      };
      "OBJ_125" = {
         isa = "PBXBuildFile";
         fileRef = "OBJ_45";
      };
      "OBJ_126" = {
         isa = "PBXBuildFile";
         fileRef = "OBJ_46";
      };
      "OBJ_127" = {
         isa = "PBXFrameworksBuildPhase";
         files = (
            "OBJ_128",
            "OBJ_129",
            "OBJ_130"
         );
      };
      "OBJ_128" = {
         isa = "PBXBuildFile";
         fileRef = "Coinpaprika::CoinpaprikaNetworkingMocks::Product";
      };
      "OBJ_129" = {
         isa = "PBXBuildFile";
         fileRef = "Coinpaprika::Coinpaprika::Product";
      };
      "OBJ_13" = {
         isa = "PBXGroup";
         children = (
            "OBJ_14",
            "OBJ_15",
            "OBJ_16",
            "OBJ_17",
            "OBJ_18",
            "OBJ_19",
            "OBJ_20",
            "OBJ_21",
            "OBJ_22",
            "OBJ_23",
            "OBJ_24",
            "OBJ_25",
            "OBJ_26",
            "OBJ_27",
            "OBJ_28",
            "OBJ_29",
            "OBJ_30",
            "OBJ_31",
            "OBJ_32",
            "OBJ_33"
         );
         name = "Models";
         path = "Models";
         sourceTree = "<group>";
      };
      "OBJ_130" = {
         isa = "PBXBuildFile";
         fileRef = "Coinpaprika::CoinpaprikaNetworking::Product";
      };
      "OBJ_131" = {
         isa = "PBXTargetDependency";
         target = "Coinpaprika::CoinpaprikaNetworkingMocks";
      };
      "OBJ_132" = {
         isa = "PBXTargetDependency";
         target = "Coinpaprika::Coinpaprika";
      };
      "OBJ_133" = {
         isa = "PBXTargetDependency";
         target = "Coinpaprika::CoinpaprikaNetworking";
      };
      "OBJ_14" = {
         isa = "PBXFileReference";
         path = "Coin.swift";
         sourceTree = "<group>";
      };
      "OBJ_15" = {
         isa = "PBXFileReference";
         path = "CoinExchange.swift";
         sourceTree = "<group>";
      };
      "OBJ_16" = {
         isa = "PBXFileReference";
         path = "CoinLink.swift";
         sourceTree = "<group>";
      };
      "OBJ_17" = {
         isa = "PBXFileReference";
         path = "CoinMarket.swift";
         sourceTree = "<group>";
      };
      "OBJ_18" = {
         isa = "PBXFileReference";
         path = "Event.swift";
         sourceTree = "<group>";
      };
      "OBJ_19" = {
         isa = "PBXFileReference";
         path = "Exchange.swift";
         sourceTree = "<group>";
      };
      "OBJ_2" = {
         isa = "XCConfigurationList";
         buildConfigurations = (
            "OBJ_3",
            "OBJ_4"
         );
         defaultConfigurationIsVisible = "0";
         defaultConfigurationName = "Release";
      };
      "OBJ_20" = {
         isa = "PBXFileReference";
         path = "Fiat.swift";
         sourceTree = "<group>";
      };
      "OBJ_21" = {
         isa = "PBXFileReference";
         path = "GlobalStats.swift";
         sourceTree = "<group>";
      };
      "OBJ_22" = {
         isa = "PBXFileReference";
         path = "Market.swift";
         sourceTree = "<group>";
      };
      "OBJ_23" = {
         isa = "PBXFileReference";
         path = "News.swift";
         sourceTree = "<group>";
      };
      "OBJ_24" = {
         isa = "PBXFileReference";
         path = "Ohlcv.swift";
         sourceTree = "<group>";
      };
      "OBJ_25" = {
         isa = "PBXFileReference";
         path = "Person.swift";
         sourceTree = "<group>";
      };
      "OBJ_26" = {
         isa = "PBXFileReference";
         path = "QuoteCurrency.swift";
         sourceTree = "<group>";
      };
      "OBJ_27" = {
         isa = "PBXFileReference";
         path = "SearchResults.swift";
         sourceTree = "<group>";
      };
      "OBJ_28" = {
         isa = "PBXFileReference";
         path = "StatusResponse.swift";
         sourceTree = "<group>";
      };
      "OBJ_29" = {
         isa = "PBXFileReference";
         path = "Tag.swift";
         sourceTree = "<group>";
      };
      "OBJ_3" = {
         isa = "XCBuildConfiguration";
         buildSettings = {
            CLANG_ENABLE_OBJC_ARC = "YES";
            COMBINE_HIDPI_IMAGES = "YES";
            COPY_PHASE_STRIP = "NO";
            DEBUG_INFORMATION_FORMAT = "dwarf";
            DYLIB_INSTALL_NAME_BASE = "@rpath";
            ENABLE_NS_ASSERTIONS = "YES";
            GCC_OPTIMIZATION_LEVEL = "0";
            GCC_PREPROCESSOR_DEFINITIONS = (
               "$(inherited)",
               "SWIFT_PACKAGE=1",
               "DEBUG=1"
            );
            MACOSX_DEPLOYMENT_TARGET = "10.10";
            ONLY_ACTIVE_ARCH = "YES";
            OTHER_SWIFT_FLAGS = (
               "$(inherited)",
               "-DXcode"
            );
            PRODUCT_NAME = "$(TARGET_NAME)";
            SDKROOT = "macosx";
            SUPPORTED_PLATFORMS = (
               "macosx",
               "iphoneos",
               "iphonesimulator",
               "appletvos",
               "appletvsimulator",
               "watchos",
               "watchsimulator"
            );
            SWIFT_ACTIVE_COMPILATION_CONDITIONS = (
               "$(inherited)",
               "SWIFT_PACKAGE",
               "DEBUG"
            );
            SWIFT_OPTIMIZATION_LEVEL = "-Onone";
            USE_HEADERMAP = "NO";
         };
         name = "Debug";
      };
      "OBJ_30" = {
         isa = "PBXFileReference";
         path = "Ticker.swift";
         sourceTree = "<group>";
      };
      "OBJ_31" = {
         isa = "PBXFileReference";
         path = "TickerHistory.swift";
         sourceTree = "<group>";
      };
      "OBJ_32" = {
         isa = "PBXFileReference";
         path = "TopMovers.swift";
         sourceTree = "<group>";
      };
      "OBJ_33" = {
         isa = "PBXFileReference";
         path = "Tweet.swift";
         sourceTree = "<group>";
      };
      "OBJ_34" = {
         isa = "PBXGroup";
         children = (
            "OBJ_35",
            "OBJ_36",
            "OBJ_37",
            "OBJ_38",
            "OBJ_39"
         );
         name = "CoinpaprikaNetworking";
         path = "Sources/Networking";
         sourceTree = "SOURCE_ROOT";
      };
      "OBJ_35" = {
         isa = "PBXFileReference";
         path = "CodableModel.swift";
         sourceTree = "<group>";
      };
      "OBJ_36" = {
         isa = "PBXFileReference";
         path = "Errors.swift";
         sourceTree = "<group>";
      };
      "OBJ_37" = {
         isa = "PBXFileReference";
         path = "NetworkSession.swift";
         sourceTree = "<group>";
      };
      "OBJ_38" = {
         isa = "PBXFileReference";
         path = "Request.swift";
         sourceTree = "<group>";
      };
      "OBJ_39" = {
         isa = "PBXFileReference";
         path = "Result.swift";
         sourceTree = "<group>";
      };
      "OBJ_4" = {
         isa = "XCBuildConfiguration";
         buildSettings = {
            CLANG_ENABLE_OBJC_ARC = "YES";
            COMBINE_HIDPI_IMAGES = "YES";
            COPY_PHASE_STRIP = "YES";
            DEBUG_INFORMATION_FORMAT = "dwarf-with-dsym";
            DYLIB_INSTALL_NAME_BASE = "@rpath";
            GCC_OPTIMIZATION_LEVEL = "s";
            GCC_PREPROCESSOR_DEFINITIONS = (
               "$(inherited)",
               "SWIFT_PACKAGE=1"
            );
            MACOSX_DEPLOYMENT_TARGET = "10.10";
            OTHER_SWIFT_FLAGS = (
               "$(inherited)",
               "-DXcode"
            );
            PRODUCT_NAME = "$(TARGET_NAME)";
            SDKROOT = "macosx";
            SUPPORTED_PLATFORMS = (
               "macosx",
               "iphoneos",
               "iphonesimulator",
               "appletvos",
               "appletvsimulator",
               "watchos",
               "watchsimulator"
            );
            SWIFT_ACTIVE_COMPILATION_CONDITIONS = (
               "$(inherited)",
               "SWIFT_PACKAGE"
            );
            SWIFT_OPTIMIZATION_LEVEL = "-Owholemodule";
            USE_HEADERMAP = "NO";
         };
         name = "Release";
      };
      "OBJ_40" = {
         isa = "PBXGroup";
         children = (
            "OBJ_41",
            "OBJ_42"
         );
         name = "CoinpaprikaNetworkingMocks";
         path = "Sources/NetworkingMocks";
         sourceTree = "SOURCE_ROOT";
      };
      "OBJ_41" = {
         isa = "PBXFileReference";
         path = "CodableMock.swift";
         sourceTree = "<group>";
      };
      "OBJ_42" = {
         isa = "PBXFileReference";
         path = "JsonMock.swift";
         sourceTree = "<group>";
      };
      "OBJ_43" = {
         isa = "PBXGroup";
         children = (
            "OBJ_44",
            "OBJ_45",
            "OBJ_46"
         );
         name = "Tests";
         path = "Tests";
         sourceTree = "SOURCE_ROOT";
      };
      "OBJ_44" = {
         isa = "PBXFileReference";
         path = "CodableTest.swift";
         sourceTree = "<group>";
      };
      "OBJ_45" = {
         isa = "PBXFileReference";
         path = "QuotesTests.swift";
         sourceTree = "<group>";
      };
      "OBJ_46" = {
         isa = "PBXFileReference";
         path = "RequestTests.swift";
         sourceTree = "<group>";
      };
      "OBJ_47" = {
         isa = "PBXGroup";
         children = (
            "Coinpaprika::CoinpaprikaTests::Product",
            "Coinpaprika::Coinpaprika::Product",
            "Coinpaprika::CoinpaprikaNetworkingMocks::Product",
            "Coinpaprika::CoinpaprikaNetworking::Product"
         );
         name = "Products";
         path = "";
         sourceTree = "BUILT_PRODUCTS_DIR";
      };
      "OBJ_5" = {
         isa = "PBXGroup";
         children = (
            "OBJ_6",
            "OBJ_7",
            "OBJ_43",
            "OBJ_47",
            "OBJ_52",
            "OBJ_53",
            "OBJ_54",
            "OBJ_55"
         );
         path = "";
         sourceTree = "<group>";
      };
      "OBJ_52" = {
         isa = "PBXFileReference";
         path = "docs";
         sourceTree = "SOURCE_ROOT";
      };
      "OBJ_53" = {
         isa = "PBXFileReference";
         path = "CoinpaprikaAPI.podspec";
         sourceTree = "<group>";
      };
      "OBJ_54" = {
         isa = "PBXFileReference";
         path = "LICENSE";
         sourceTree = "<group>";
      };
      "OBJ_55" = {
         isa = "PBXFileReference";
         path = "README.md";
         sourceTree = "<group>";
      };
      "OBJ_57" = {
         isa = "XCConfigurationList";
         buildConfigurations = (
            "OBJ_58",
            "OBJ_59"
         );
         defaultConfigurationIsVisible = "0";
         defaultConfigurationName = "Release";
      };
      "OBJ_58" = {
         isa = "XCBuildConfiguration";
         buildSettings = {
            ENABLE_TESTABILITY = "YES";
            FRAMEWORK_SEARCH_PATHS = (
               "$(inherited)",
               "$(PLATFORM_DIR)/Developer/Library/Frameworks"
            );
            HEADER_SEARCH_PATHS = (
               "$(inherited)"
            );
            INFOPLIST_FILE = "Coinpaprika.xcodeproj/Coinpaprika_Info.plist";
            IPHONEOS_DEPLOYMENT_TARGET = "10.0";
            LD_RUNPATH_SEARCH_PATHS = (
               "$(inherited)",
               "$(TOOLCHAIN_DIR)/usr/lib/swift/macosx"
            );
            MACOSX_DEPLOYMENT_TARGET = "10.12";
            OTHER_CFLAGS = (
               "$(inherited)"
            );
            OTHER_LDFLAGS = (
               "$(inherited)"
            );
            OTHER_SWIFT_FLAGS = (
               "$(inherited)"
            );
            PRODUCT_BUNDLE_IDENTIFIER = "Coinpaprika";
            PRODUCT_MODULE_NAME = "$(TARGET_NAME:c99extidentifier)";
            PRODUCT_NAME = "$(TARGET_NAME:c99extidentifier)";
            SKIP_INSTALL = "YES";
            SWIFT_ACTIVE_COMPILATION_CONDITIONS = (
               "$(inherited)"
            );
            SWIFT_VERSION = "5.0";
            TARGET_NAME = "Coinpaprika";
            TVOS_DEPLOYMENT_TARGET = "10.0";
            WATCHOS_DEPLOYMENT_TARGET = "3.0";
         };
         name = "Debug";
      };
      "OBJ_59" = {
         isa = "XCBuildConfiguration";
         buildSettings = {
            ENABLE_TESTABILITY = "YES";
            FRAMEWORK_SEARCH_PATHS = (
               "$(inherited)",
               "$(PLATFORM_DIR)/Developer/Library/Frameworks"
            );
            HEADER_SEARCH_PATHS = (
               "$(inherited)"
            );
            INFOPLIST_FILE = "Coinpaprika.xcodeproj/Coinpaprika_Info.plist";
            IPHONEOS_DEPLOYMENT_TARGET = "10.0";
            LD_RUNPATH_SEARCH_PATHS = (
               "$(inherited)",
               "$(TOOLCHAIN_DIR)/usr/lib/swift/macosx"
            );
            MACOSX_DEPLOYMENT_TARGET = "10.12";
            OTHER_CFLAGS = (
               "$(inherited)"
            );
            OTHER_LDFLAGS = (
               "$(inherited)"
            );
            OTHER_SWIFT_FLAGS = (
               "$(inherited)"
            );
            PRODUCT_BUNDLE_IDENTIFIER = "Coinpaprika";
            PRODUCT_MODULE_NAME = "$(TARGET_NAME:c99extidentifier)";
            PRODUCT_NAME = "$(TARGET_NAME:c99extidentifier)";
            SKIP_INSTALL = "YES";
            SWIFT_ACTIVE_COMPILATION_CONDITIONS = (
               "$(inherited)"
            );
            SWIFT_VERSION = "5.0";
            TARGET_NAME = "Coinpaprika";
            TVOS_DEPLOYMENT_TARGET = "10.0";
            WATCHOS_DEPLOYMENT_TARGET = "3.0";
         };
         name = "Release";
      };
      "OBJ_6" = {
         isa = "PBXFileReference";
         explicitFileType = "sourcecode.swift";
         path = "Package.swift";
         sourceTree = "<group>";
      };
      "OBJ_60" = {
         isa = "PBXSourcesBuildPhase";
         files = (
            "OBJ_61",
            "OBJ_62",
            "OBJ_63",
            "OBJ_64",
            "OBJ_65",
            "OBJ_66",
            "OBJ_67",
            "OBJ_68",
            "OBJ_69",
            "OBJ_70",
            "OBJ_71",
            "OBJ_72",
            "OBJ_73",
            "OBJ_74",
            "OBJ_75",
            "OBJ_76",
            "OBJ_77",
            "OBJ_78",
            "OBJ_79",
            "OBJ_80",
            "OBJ_81",
            "OBJ_82",
            "OBJ_83"
         );
      };
      "OBJ_61" = {
         isa = "PBXBuildFile";
         fileRef = "OBJ_9";
      };
      "OBJ_62" = {
         isa = "PBXBuildFile";
         fileRef = "OBJ_10";
      };
      "OBJ_63" = {
         isa = "PBXBuildFile";
         fileRef = "OBJ_12";
      };
      "OBJ_64" = {
         isa = "PBXBuildFile";
         fileRef = "OBJ_14";
      };
      "OBJ_65" = {
         isa = "PBXBuildFile";
         fileRef = "OBJ_15";
      };
      "OBJ_66" = {
         isa = "PBXBuildFile";
         fileRef = "OBJ_16";
      };
      "OBJ_67" = {
         isa = "PBXBuildFile";
         fileRef = "OBJ_17";
      };
      "OBJ_68" = {
         isa = "PBXBuildFile";
         fileRef = "OBJ_18";
      };
      "OBJ_69" = {
         isa = "PBXBuildFile";
         fileRef = "OBJ_19";
      };
      "OBJ_7" = {
         isa = "PBXGroup";
         children = (
            "OBJ_8",
            "OBJ_34",
            "OBJ_40"
         );
         name = "Sources";
         path = "";
         sourceTree = "SOURCE_ROOT";
      };
      "OBJ_70" = {
         isa = "PBXBuildFile";
         fileRef = "OBJ_20";
      };
      "OBJ_71" = {
         isa = "PBXBuildFile";
         fileRef = "OBJ_21";
      };
      "OBJ_72" = {
         isa = "PBXBuildFile";
         fileRef = "OBJ_22";
      };
      "OBJ_73" = {
         isa = "PBXBuildFile";
         fileRef = "OBJ_23";
      };
      "OBJ_74" = {
         isa = "PBXBuildFile";
         fileRef = "OBJ_24";
      };
      "OBJ_75" = {
         isa = "PBXBuildFile";
         fileRef = "OBJ_25";
      };
      "OBJ_76" = {
         isa = "PBXBuildFile";
         fileRef = "OBJ_26";
      };
      "OBJ_77" = {
         isa = "PBXBuildFile";
         fileRef = "OBJ_27";
      };
      "OBJ_78" = {
         isa = "PBXBuildFile";
         fileRef = "OBJ_28";
      };
      "OBJ_79" = {
         isa = "PBXBuildFile";
         fileRef = "OBJ_29";
      };
      "OBJ_8" = {
         isa = "PBXGroup";
         children = (
            "OBJ_9",
            "OBJ_10",
            "OBJ_11",
            "OBJ_13"
         );
         name = "Coinpaprika";
         path = "Sources/Client";
         sourceTree = "SOURCE_ROOT";
      };
      "OBJ_80" = {
         isa = "PBXBuildFile";
         fileRef = "OBJ_30";
      };
      "OBJ_81" = {
         isa = "PBXBuildFile";
         fileRef = "OBJ_31";
      };
      "OBJ_82" = {
         isa = "PBXBuildFile";
         fileRef = "OBJ_32";
      };
      "OBJ_83" = {
         isa = "PBXBuildFile";
         fileRef = "OBJ_33";
      };
      "OBJ_84" = {
         isa = "PBXFrameworksBuildPhase";
         files = (
            "OBJ_85"
         );
      };
      "OBJ_85" = {
         isa = "PBXBuildFile";
         fileRef = "Coinpaprika::CoinpaprikaNetworking::Product";
      };
      "OBJ_86" = {
         isa = "PBXTargetDependency";
         target = "Coinpaprika::CoinpaprikaNetworking";
      };
      "OBJ_88" = {
         isa = "XCConfigurationList";
         buildConfigurations = (
            "OBJ_89",
            "OBJ_90"
         );
         defaultConfigurationIsVisible = "0";
         defaultConfigurationName = "Release";
      };
      "OBJ_89" = {
         isa = "XCBuildConfiguration";
         buildSettings = {
            ENABLE_TESTABILITY = "YES";
            FRAMEWORK_SEARCH_PATHS = (
               "$(inherited)",
               "$(PLATFORM_DIR)/Developer/Library/Frameworks"
            );
            HEADER_SEARCH_PATHS = (
               "$(inherited)"
            );
            INFOPLIST_FILE = "Coinpaprika.xcodeproj/CoinpaprikaNetworking_Info.plist";
            IPHONEOS_DEPLOYMENT_TARGET = "10.0";
            LD_RUNPATH_SEARCH_PATHS = (
               "$(inherited)",
               "$(TOOLCHAIN_DIR)/usr/lib/swift/macosx"
            );
            MACOSX_DEPLOYMENT_TARGET = "10.12";
            OTHER_CFLAGS = (
               "$(inherited)"
            );
            OTHER_LDFLAGS = (
               "$(inherited)"
            );
            OTHER_SWIFT_FLAGS = (
               "$(inherited)"
            );
            PRODUCT_BUNDLE_IDENTIFIER = "CoinpaprikaNetworking";
            PRODUCT_MODULE_NAME = "$(TARGET_NAME:c99extidentifier)";
            PRODUCT_NAME = "$(TARGET_NAME:c99extidentifier)";
            SKIP_INSTALL = "YES";
            SWIFT_ACTIVE_COMPILATION_CONDITIONS = (
               "$(inherited)"
            );
            SWIFT_VERSION = "5.0";
            TARGET_NAME = "CoinpaprikaNetworking";
            TVOS_DEPLOYMENT_TARGET = "10.0";
            WATCHOS_DEPLOYMENT_TARGET = "3.0";
         };
         name = "Debug";
      };
      "OBJ_9" = {
         isa = "PBXFileReference";
         path = "API.swift";
         sourceTree = "<group>";
      };
      "OBJ_90" = {
         isa = "XCBuildConfiguration";
         buildSettings = {
            ENABLE_TESTABILITY = "YES";
            FRAMEWORK_SEARCH_PATHS = (
               "$(inherited)",
               "$(PLATFORM_DIR)/Developer/Library/Frameworks"
            );
            HEADER_SEARCH_PATHS = (
               "$(inherited)"
            );
            INFOPLIST_FILE = "Coinpaprika.xcodeproj/CoinpaprikaNetworking_Info.plist";
            IPHONEOS_DEPLOYMENT_TARGET = "10.0";
            LD_RUNPATH_SEARCH_PATHS = (
               "$(inherited)",
               "$(TOOLCHAIN_DIR)/usr/lib/swift/macosx"
            );
            MACOSX_DEPLOYMENT_TARGET = "10.12";
            OTHER_CFLAGS = (
               "$(inherited)"
            );
            OTHER_LDFLAGS = (
               "$(inherited)"
            );
            OTHER_SWIFT_FLAGS = (
               "$(inherited)"
            );
            PRODUCT_BUNDLE_IDENTIFIER = "CoinpaprikaNetworking";
            PRODUCT_MODULE_NAME = "$(TARGET_NAME:c99extidentifier)";
            PRODUCT_NAME = "$(TARGET_NAME:c99extidentifier)";
            SKIP_INSTALL = "YES";
            SWIFT_ACTIVE_COMPILATION_CONDITIONS = (
               "$(inherited)"
            );
            SWIFT_VERSION = "5.0";
            TARGET_NAME = "CoinpaprikaNetworking";
            TVOS_DEPLOYMENT_TARGET = "10.0";
            WATCHOS_DEPLOYMENT_TARGET = "3.0";
         };
         name = "Release";
      };
      "OBJ_91" = {
         isa = "PBXSourcesBuildPhase";
         files = (
            "OBJ_92",
            "OBJ_93",
            "OBJ_94",
            "OBJ_95",
            "OBJ_96"
         );
      };
      "OBJ_92" = {
         isa = "PBXBuildFile";
         fileRef = "OBJ_35";
      };
      "OBJ_93" = {
         isa = "PBXBuildFile";
         fileRef = "OBJ_36";
      };
      "OBJ_94" = {
         isa = "PBXBuildFile";
         fileRef = "OBJ_37";
      };
      "OBJ_95" = {
         isa = "PBXBuildFile";
         fileRef = "OBJ_38";
      };
      "OBJ_96" = {
         isa = "PBXBuildFile";
         fileRef = "OBJ_39";
      };
      "OBJ_97" = {
         isa = "PBXFrameworksBuildPhase";
         files = (
         );
      };
      "OBJ_99" = {
         isa = "XCConfigurationList";
         buildConfigurations = (
            "OBJ_100",
            "OBJ_101"
         );
         defaultConfigurationIsVisible = "0";
         defaultConfigurationName = "Release";
      };
   };
   rootObject = "OBJ_1";
}
